// !$*UTF8*$!
{
	archiveVersion = 1;
	classes = {
	};
	objectVersion = 46;
	objects = {

/* Begin PBXBuildFile section */
		037961CA1D1CC6B30082AA10 /* RequstObject.m in Sources */ = {isa = PBXBuildFile; fileRef = 037961C91D1CC6B30082AA10 /* RequstObject.m */; };
		037961CE1D1D0C820082AA10 /* placeholder.png in Resources */ = {isa = PBXBuildFile; fileRef = 037961CD1D1D0C820082AA10 /* placeholder.png */; };
		03E96BEE1D1A5E37002AC38B /* main.m in Sources */ = {isa = PBXBuildFile; fileRef = 03E96BED1D1A5E37002AC38B /* main.m */; };
		03E96BF11D1A5E37002AC38B /* AppDelegate.m in Sources */ = {isa = PBXBuildFile; fileRef = 03E96BF01D1A5E37002AC38B /* AppDelegate.m */; };
		03E96BF71D1A5E37002AC38B /* Main.storyboard in Resources */ = {isa = PBXBuildFile; fileRef = 03E96BF51D1A5E37002AC38B /* Main.storyboard */; };
		03E96BF91D1A5E37002AC38B /* Assets.xcassets in Resources */ = {isa = PBXBuildFile; fileRef = 03E96BF81D1A5E37002AC38B /* Assets.xcassets */; };
		03E96BFC1D1A5E37002AC38B /* LaunchScreen.storyboard in Resources */ = {isa = PBXBuildFile; fileRef = 03E96BFA1D1A5E37002AC38B /* LaunchScreen.storyboard */; };
		03E96C071D1A5E37002AC38B /* NetworkProjectTests.m in Sources */ = {isa = PBXBuildFile; fileRef = 03E96C061D1A5E37002AC38B /* NetworkProjectTests.m */; };
		03E96C121D1A5E37002AC38B /* NetworkProjectUITests.m in Sources */ = {isa = PBXBuildFile; fileRef = 03E96C111D1A5E37002AC38B /* NetworkProjectUITests.m */; };
		03E96C211D1A5ECA002AC38B /* TableViewController.m in Sources */ = {isa = PBXBuildFile; fileRef = 03E96C201D1A5ECA002AC38B /* TableViewController.m */; };
		03E96C241D1A73B1002AC38B /* ImageViewController.m in Sources */ = {isa = PBXBuildFile; fileRef = 03E96C231D1A73B1002AC38B /* ImageViewController.m */; };
		03E96C3C1D1ABF71002AC38B /* 1.png in Resources */ = {isa = PBXBuildFile; fileRef = 03E96C3B1D1ABF71002AC38B /* 1.png */; };
		1DAACA90E1941479BB10C31F /* libPods-NetworkProject.a in Frameworks */ = {isa = PBXBuildFile; fileRef = 6A15072009C43C02EF44DAF5 /* libPods-NetworkProject.a */; };
		58BA42E568E47B79A918B920 /* libPods-NetworkProjectTests.a in Frameworks */ = {isa = PBXBuildFile; fileRef = C961AF54A63CEB6CED2D1CE3 /* libPods-NetworkProjectTests.a */; };
		A269F59C50441AFD5FC8B3D5 /* libPods-NetworkProjectUITests.a in Frameworks */ = {isa = PBXBuildFile; fileRef = 168A9D848D1A541F1E897C31 /* libPods-NetworkProjectUITests.a */; };
/* End PBXBuildFile section */

/* Begin PBXContainerItemProxy section */
		03E96C031D1A5E37002AC38B /* PBXContainerItemProxy */ = {
			isa = PBXContainerItemProxy;
			containerPortal = 03E96BE11D1A5E37002AC38B /* Project object */;
			proxyType = 1;
			remoteGlobalIDString = 03E96BE81D1A5E37002AC38B;
			remoteInfo = NetworkProject;
		};
		03E96C0E1D1A5E37002AC38B /* PBXContainerItemProxy */ = {
			isa = PBXContainerItemProxy;
			containerPortal = 03E96BE11D1A5E37002AC38B /* Project object */;
			proxyType = 1;
			remoteGlobalIDString = 03E96BE81D1A5E37002AC38B;
			remoteInfo = NetworkProject;
		};
/* End PBXContainerItemProxy section */

/* Begin PBXFileReference section */
		037961C81D1CC6B30082AA10 /* RequstObject.h */ = {isa = PBXFileReference; fileEncoding = 4; lastKnownFileType = sourcecode.c.h; path = RequstObject.h; sourceTree = "<group>"; };
		037961C91D1CC6B30082AA10 /* RequstObject.m */ = {isa = PBXFileReference; fileEncoding = 4; lastKnownFileType = sourcecode.c.objc; path = RequstObject.m; sourceTree = "<group>"; };
		037961CD1D1D0C820082AA10 /* placeholder.png */ = {isa = PBXFileReference; lastKnownFileType = image.png; path = placeholder.png; sourceTree = "<group>"; };
		03E96BE91D1A5E37002AC38B /* NetworkProject.app */ = {isa = PBXFileReference; explicitFileType = wrapper.application; includeInIndex = 0; path = NetworkProject.app; sourceTree = BUILT_PRODUCTS_DIR; };
		03E96BED1D1A5E37002AC38B /* main.m */ = {isa = PBXFileReference; lastKnownFileType = sourcecode.c.objc; path = main.m; sourceTree = "<group>"; };
		03E96BEF1D1A5E37002AC38B /* AppDelegate.h */ = {isa = PBXFileReference; lastKnownFileType = sourcecode.c.h; path = AppDelegate.h; sourceTree = "<group>"; };
		03E96BF01D1A5E37002AC38B /* AppDelegate.m */ = {isa = PBXFileReference; lastKnownFileType = sourcecode.c.objc; path = AppDelegate.m; sourceTree = "<group>"; };
		03E96BF61D1A5E37002AC38B /* Base */ = {isa = PBXFileReference; lastKnownFileType = file.storyboard; name = Base; path = Base.lproj/Main.storyboard; sourceTree = "<group>"; };
		03E96BF81D1A5E37002AC38B /* Assets.xcassets */ = {isa = PBXFileReference; lastKnownFileType = folder.assetcatalog; path = Assets.xcassets; sourceTree = "<group>"; };
		03E96BFB1D1A5E37002AC38B /* Base */ = {isa = PBXFileReference; lastKnownFileType = file.storyboard; name = Base; path = Base.lproj/LaunchScreen.storyboard; sourceTree = "<group>"; };
		03E96BFD1D1A5E37002AC38B /* Info.plist */ = {isa = PBXFileReference; lastKnownFileType = text.plist.xml; path = Info.plist; sourceTree = "<group>"; };
		03E96C021D1A5E37002AC38B /* NetworkProjectTests.xctest */ = {isa = PBXFileReference; explicitFileType = wrapper.cfbundle; includeInIndex = 0; path = NetworkProjectTests.xctest; sourceTree = BUILT_PRODUCTS_DIR; };
		03E96C061D1A5E37002AC38B /* NetworkProjectTests.m */ = {isa = PBXFileReference; lastKnownFileType = sourcecode.c.objc; path = NetworkProjectTests.m; sourceTree = "<group>"; };
		03E96C081D1A5E37002AC38B /* Info.plist */ = {isa = PBXFileReference; lastKnownFileType = text.plist.xml; path = Info.plist; sourceTree = "<group>"; };
		03E96C0D1D1A5E37002AC38B /* NetworkProjectUITests.xctest */ = {isa = PBXFileReference; explicitFileType = wrapper.cfbundle; includeInIndex = 0; path = NetworkProjectUITests.xctest; sourceTree = BUILT_PRODUCTS_DIR; };
		03E96C111D1A5E37002AC38B /* NetworkProjectUITests.m */ = {isa = PBXFileReference; lastKnownFileType = sourcecode.c.objc; path = NetworkProjectUITests.m; sourceTree = "<group>"; };
		03E96C131D1A5E37002AC38B /* Info.plist */ = {isa = PBXFileReference; lastKnownFileType = text.plist.xml; path = Info.plist; sourceTree = "<group>"; };
		03E96C1F1D1A5ECA002AC38B /* TableViewController.h */ = {isa = PBXFileReference; fileEncoding = 4; lastKnownFileType = sourcecode.c.h; path = TableViewController.h; sourceTree = "<group>"; };
		03E96C201D1A5ECA002AC38B /* TableViewController.m */ = {isa = PBXFileReference; fileEncoding = 4; lastKnownFileType = sourcecode.c.objc; path = TableViewController.m; sourceTree = "<group>"; };
		03E96C221D1A73B1002AC38B /* ImageViewController.h */ = {isa = PBXFileReference; fileEncoding = 4; lastKnownFileType = sourcecode.c.h; path = ImageViewController.h; sourceTree = "<group>"; };
		03E96C231D1A73B1002AC38B /* ImageViewController.m */ = {isa = PBXFileReference; fileEncoding = 4; lastKnownFileType = sourcecode.c.objc; path = ImageViewController.m; sourceTree = "<group>"; };
		03E96C3B1D1ABF71002AC38B /* 1.png */ = {isa = PBXFileReference; lastKnownFileType = image.png; path = 1.png; sourceTree = "<group>"; };
		11198555BBEEA86DCD3D9407 /* Pods-NetworkProjectUITests.debug.xcconfig */ = {isa = PBXFileReference; includeInIndex = 1; lastKnownFileType = text.xcconfig; name = "Pods-NetworkProjectUITests.debug.xcconfig"; path = "Pods/Target Support Files/Pods-NetworkProjectUITests/Pods-NetworkProjectUITests.debug.xcconfig"; sourceTree = "<group>"; };
		168A9D848D1A541F1E897C31 /* libPods-NetworkProjectUITests.a */ = {isa = PBXFileReference; explicitFileType = archive.ar; includeInIndex = 0; path = "libPods-NetworkProjectUITests.a"; sourceTree = BUILT_PRODUCTS_DIR; };
		21922430BC713FAD16B39E23 /* Pods-NetworkProjectUITests.release.xcconfig */ = {isa = PBXFileReference; includeInIndex = 1; lastKnownFileType = text.xcconfig; name = "Pods-NetworkProjectUITests.release.xcconfig"; path = "Pods/Target Support Files/Pods-NetworkProjectUITests/Pods-NetworkProjectUITests.release.xcconfig"; sourceTree = "<group>"; };
		4012F79FD721A1E976599C13 /* Pods-NetworkProjectTests.debug.xcconfig */ = {isa = PBXFileReference; includeInIndex = 1; lastKnownFileType = text.xcconfig; name = "Pods-NetworkProjectTests.debug.xcconfig"; path = "Pods/Target Support Files/Pods-NetworkProjectTests/Pods-NetworkProjectTests.debug.xcconfig"; sourceTree = "<group>"; };
		63F34E00FC7613727EE5CB8D /* Pods-NetworkProject.debug.xcconfig */ = {isa = PBXFileReference; includeInIndex = 1; lastKnownFileType = text.xcconfig; name = "Pods-NetworkProject.debug.xcconfig"; path = "Pods/Target Support Files/Pods-NetworkProject/Pods-NetworkProject.debug.xcconfig"; sourceTree = "<group>"; };
		6A15072009C43C02EF44DAF5 /* libPods-NetworkProject.a */ = {isa = PBXFileReference; explicitFileType = archive.ar; includeInIndex = 0; path = "libPods-NetworkProject.a"; sourceTree = BUILT_PRODUCTS_DIR; };
		813B560E0E353A3AB1F2DCE2 /* Pods-NetworkProjectTests.release.xcconfig */ = {isa = PBXFileReference; includeInIndex = 1; lastKnownFileType = text.xcconfig; name = "Pods-NetworkProjectTests.release.xcconfig"; path = "Pods/Target Support Files/Pods-NetworkProjectTests/Pods-NetworkProjectTests.release.xcconfig"; sourceTree = "<group>"; };
		A8402EB1832F835F2D815DF2 /* Pods-NetworkProject.release.xcconfig */ = {isa = PBXFileReference; includeInIndex = 1; lastKnownFileType = text.xcconfig; name = "Pods-NetworkProject.release.xcconfig"; path = "Pods/Target Support Files/Pods-NetworkProject/Pods-NetworkProject.release.xcconfig"; sourceTree = "<group>"; };
		C961AF54A63CEB6CED2D1CE3 /* libPods-NetworkProjectTests.a */ = {isa = PBXFileReference; explicitFileType = archive.ar; includeInIndex = 0; path = "libPods-NetworkProjectTests.a"; sourceTree = BUILT_PRODUCTS_DIR; };
/* End PBXFileReference section */

/* Begin PBXFrameworksBuildPhase section */
		03E96BE61D1A5E37002AC38B /* Frameworks */ = {
			isa = PBXFrameworksBuildPhase;
			buildActionMask = 2147483647;
			files = (
				1DAACA90E1941479BB10C31F /* libPods-NetworkProject.a in Frameworks */,
			);
			runOnlyForDeploymentPostprocessing = 0;
		};
		03E96BFF1D1A5E37002AC38B /* Frameworks */ = {
			isa = PBXFrameworksBuildPhase;
			buildActionMask = 2147483647;
			files = (
				58BA42E568E47B79A918B920 /* libPods-NetworkProjectTests.a in Frameworks */,
			);
			runOnlyForDeploymentPostprocessing = 0;
		};
		03E96C0A1D1A5E37002AC38B /* Frameworks */ = {
			isa = PBXFrameworksBuildPhase;
			buildActionMask = 2147483647;
			files = (
				A269F59C50441AFD5FC8B3D5 /* libPods-NetworkProjectUITests.a in Frameworks */,
			);
			runOnlyForDeploymentPostprocessing = 0;
		};
/* End PBXFrameworksBuildPhase section */

/* Begin PBXGroup section */
		037961CB1D1CC6C20082AA10 /* Object */ = {
			isa = PBXGroup;
			children = (
				037961C81D1CC6B30082AA10 /* RequstObject.h */,
				037961C91D1CC6B30082AA10 /* RequstObject.m */,
				037961CC1D1CC7790082AA10 /* View */,
			);
			name = Object;
			sourceTree = "<group>";
		};
		037961CC1D1CC7790082AA10 /* View */ = {
			isa = PBXGroup;
			children = (
				03E96BEF1D1A5E37002AC38B /* AppDelegate.h */,
				03E96BF01D1A5E37002AC38B /* AppDelegate.m */,
				03E96C1F1D1A5ECA002AC38B /* TableViewController.h */,
				03E96C201D1A5ECA002AC38B /* TableViewController.m */,
				03E96C221D1A73B1002AC38B /* ImageViewController.h */,
				03E96C231D1A73B1002AC38B /* ImageViewController.m */,
			);
			name = View;
			sourceTree = "<group>";
		};
		03E96BE01D1A5E37002AC38B = {
			isa = PBXGroup;
			children = (
				03E96BEB1D1A5E37002AC38B /* NetworkProject */,
				03E96C051D1A5E37002AC38B /* NetworkProjectTests */,
				03E96C101D1A5E37002AC38B /* NetworkProjectUITests */,
				03E96BEA1D1A5E37002AC38B /* Products */,
				263F09CC55A562E150451B0F /* Pods */,
				3F35DF0101F84135866467BE /* Frameworks */,
			);
			sourceTree = "<group>";
		};
		03E96BEA1D1A5E37002AC38B /* Products */ = {
			isa = PBXGroup;
			children = (
				03E96BE91D1A5E37002AC38B /* NetworkProject.app */,
				03E96C021D1A5E37002AC38B /* NetworkProjectTests.xctest */,
				03E96C0D1D1A5E37002AC38B /* NetworkProjectUITests.xctest */,
			);
			name = Products;
			sourceTree = "<group>";
		};
		03E96BEB1D1A5E37002AC38B /* NetworkProject */ = {
			isa = PBXGroup;
			children = (
				037961CB1D1CC6C20082AA10 /* Object */,
				03E96BF51D1A5E37002AC38B /* Main.storyboard */,
				037961CD1D1D0C820082AA10 /* placeholder.png */,
				03E96C3B1D1ABF71002AC38B /* 1.png */,
				03E96BF81D1A5E37002AC38B /* Assets.xcassets */,
				03E96BFA1D1A5E37002AC38B /* LaunchScreen.storyboard */,
				03E96BFD1D1A5E37002AC38B /* Info.plist */,
				03E96BEC1D1A5E37002AC38B /* Supporting Files */,
			);
			path = NetworkProject;
			sourceTree = "<group>";
		};
		03E96BEC1D1A5E37002AC38B /* Supporting Files */ = {
			isa = PBXGroup;
			children = (
				03E96BED1D1A5E37002AC38B /* main.m */,
			);
			name = "Supporting Files";
			sourceTree = "<group>";
		};
		03E96C051D1A5E37002AC38B /* NetworkProjectTests */ = {
			isa = PBXGroup;
			children = (
				03E96C061D1A5E37002AC38B /* NetworkProjectTests.m */,
				03E96C081D1A5E37002AC38B /* Info.plist */,
			);
			path = NetworkProjectTests;
			sourceTree = "<group>";
		};
		03E96C101D1A5E37002AC38B /* NetworkProjectUITests */ = {
			isa = PBXGroup;
			children = (
				03E96C111D1A5E37002AC38B /* NetworkProjectUITests.m */,
				03E96C131D1A5E37002AC38B /* Info.plist */,
			);
			path = NetworkProjectUITests;
			sourceTree = "<group>";
		};
		263F09CC55A562E150451B0F /* Pods */ = {
			isa = PBXGroup;
			children = (
				63F34E00FC7613727EE5CB8D /* Pods-NetworkProject.debug.xcconfig */,
				A8402EB1832F835F2D815DF2 /* Pods-NetworkProject.release.xcconfig */,
				4012F79FD721A1E976599C13 /* Pods-NetworkProjectTests.debug.xcconfig */,
				813B560E0E353A3AB1F2DCE2 /* Pods-NetworkProjectTests.release.xcconfig */,
				11198555BBEEA86DCD3D9407 /* Pods-NetworkProjectUITests.debug.xcconfig */,
				21922430BC713FAD16B39E23 /* Pods-NetworkProjectUITests.release.xcconfig */,
			);
			name = Pods;
			sourceTree = "<group>";
		};
		3F35DF0101F84135866467BE /* Frameworks */ = {
			isa = PBXGroup;
			children = (
				6A15072009C43C02EF44DAF5 /* libPods-NetworkProject.a */,
				C961AF54A63CEB6CED2D1CE3 /* libPods-NetworkProjectTests.a */,
				168A9D848D1A541F1E897C31 /* libPods-NetworkProjectUITests.a */,
			);
			name = Frameworks;
			sourceTree = "<group>";
		};
/* End PBXGroup section */

/* Begin PBXNativeTarget section */
		03E96BE81D1A5E37002AC38B /* NetworkProject */ = {
			isa = PBXNativeTarget;
			buildConfigurationList = 03E96C161D1A5E37002AC38B /* Build configuration list for PBXNativeTarget "NetworkProject" */;
			buildPhases = (
				FCCADD78C34286AEFC43A593 /* [CP] Check Pods Manifest.lock */,
				03E96BE51D1A5E37002AC38B /* Sources */,
				03E96BE61D1A5E37002AC38B /* Frameworks */,
				03E96BE71D1A5E37002AC38B /* Resources */,
				AECCC6E57269C278CBB08531 /* [CP] Embed Pods Frameworks */,
				6A7106C92DEF5BDF8ADAF925 /* [CP] Copy Pods Resources */,
			);
			buildRules = (
			);
			dependencies = (
			);
			name = NetworkProject;
			productName = NetworkProject;
			productReference = 03E96BE91D1A5E37002AC38B /* NetworkProject.app */;
			productType = "com.apple.product-type.application";
		};
		03E96C011D1A5E37002AC38B /* NetworkProjectTests */ = {
			isa = PBXNativeTarget;
			buildConfigurationList = 03E96C191D1A5E37002AC38B /* Build configuration list for PBXNativeTarget "NetworkProjectTests" */;
			buildPhases = (
				7EC55A79D45549E3FF0B94EF /* [CP] Check Pods Manifest.lock */,
				03E96BFE1D1A5E37002AC38B /* Sources */,
				03E96BFF1D1A5E37002AC38B /* Frameworks */,
				03E96C001D1A5E37002AC38B /* Resources */,
				CDEAB1DEA0CF587275BF4B5C /* [CP] Embed Pods Frameworks */,
				C5754819AB797F743262CF5F /* [CP] Copy Pods Resources */,
			);
			buildRules = (
			);
			dependencies = (
				03E96C041D1A5E37002AC38B /* PBXTargetDependency */,
			);
			name = NetworkProjectTests;
			productName = NetworkProjectTests;
			productReference = 03E96C021D1A5E37002AC38B /* NetworkProjectTests.xctest */;
			productType = "com.apple.product-type.bundle.unit-test";
		};
		03E96C0C1D1A5E37002AC38B /* NetworkProjectUITests */ = {
			isa = PBXNativeTarget;
			buildConfigurationList = 03E96C1C1D1A5E37002AC38B /* Build configuration list for PBXNativeTarget "NetworkProjectUITests" */;
			buildPhases = (
				737155132A10CC468A6D2DF1 /* [CP] Check Pods Manifest.lock */,
				03E96C091D1A5E37002AC38B /* Sources */,
				03E96C0A1D1A5E37002AC38B /* Frameworks */,
				03E96C0B1D1A5E37002AC38B /* Resources */,
				21BB38EFD36E2B1AFE808709 /* [CP] Copy Pods Resources */,
			);
			buildRules = (
			);
			dependencies = (
				03E96C0F1D1A5E37002AC38B /* PBXTargetDependency */,
			);
			name = NetworkProjectUITests;
			productName = NetworkProjectUITests;
			productReference = 03E96C0D1D1A5E37002AC38B /* NetworkProjectUITests.xctest */;
			productType = "com.apple.product-type.bundle.ui-testing";
		};
/* End PBXNativeTarget section */

/* Begin PBXProject section */
		03E96BE11D1A5E37002AC38B /* Project object */ = {
			isa = PBXProject;
			attributes = {
				LastUpgradeCheck = 0730;
				ORGANIZATIONNAME = baecheese;
				TargetAttributes = {
					03E96BE81D1A5E37002AC38B = {
						CreatedOnToolsVersion = 7.3.1;
					};
					03E96C011D1A5E37002AC38B = {
						CreatedOnToolsVersion = 7.3.1;
						TestTargetID = 03E96BE81D1A5E37002AC38B;
					};
					03E96C0C1D1A5E37002AC38B = {
						CreatedOnToolsVersion = 7.3.1;
						TestTargetID = 03E96BE81D1A5E37002AC38B;
					};
				};
			};
			buildConfigurationList = 03E96BE41D1A5E37002AC38B /* Build configuration list for PBXProject "NetworkProject" */;
			compatibilityVersion = "Xcode 3.2";
			developmentRegion = English;
			hasScannedForEncodings = 0;
			knownRegions = (
				en,
				Base,
			);
			mainGroup = 03E96BE01D1A5E37002AC38B;
			productRefGroup = 03E96BEA1D1A5E37002AC38B /* Products */;
			projectDirPath = "";
			projectRoot = "";
			targets = (
				03E96BE81D1A5E37002AC38B /* NetworkProject */,
				03E96C011D1A5E37002AC38B /* NetworkProjectTests */,
				03E96C0C1D1A5E37002AC38B /* NetworkProjectUITests */,
			);
		};
/* End PBXProject section */

/* Begin PBXResourcesBuildPhase section */
		03E96BE71D1A5E37002AC38B /* Resources */ = {
			isa = PBXResourcesBuildPhase;
			buildActionMask = 2147483647;
			files = (
				03E96BFC1D1A5E37002AC38B /* LaunchScreen.storyboard in Resources */,
				03E96BF91D1A5E37002AC38B /* Assets.xcassets in Resources */,
				03E96C3C1D1ABF71002AC38B /* 1.png in Resources */,
				037961CE1D1D0C820082AA10 /* placeholder.png in Resources */,
				03E96BF71D1A5E37002AC38B /* Main.storyboard in Resources */,
			);
			runOnlyForDeploymentPostprocessing = 0;
		};
		03E96C001D1A5E37002AC38B /* Resources */ = {
			isa = PBXResourcesBuildPhase;
			buildActionMask = 2147483647;
			files = (
			);
			runOnlyForDeploymentPostprocessing = 0;
		};
		03E96C0B1D1A5E37002AC38B /* Resources */ = {
			isa = PBXResourcesBuildPhase;
			buildActionMask = 2147483647;
			files = (
			);
			runOnlyForDeploymentPostprocessing = 0;
		};
/* End PBXResourcesBuildPhase section */

/* Begin PBXShellScriptBuildPhase section */
		21BB38EFD36E2B1AFE808709 /* [CP] Copy Pods Resources */ = {
			isa = PBXShellScriptBuildPhase;
			buildActionMask = 2147483647;
			files = (
			);
			inputPaths = (
			);
			name = "[CP] Copy Pods Resources";
			outputPaths = (
			);
			runOnlyForDeploymentPostprocessing = 0;
			shellPath = /bin/sh;
			shellScript = "\"${SRCROOT}/Pods/Target Support Files/Pods-NetworkProjectUITests/Pods-NetworkProjectUITests-resources.sh\"\n";
			showEnvVarsInLog = 0;
		};
		6A7106C92DEF5BDF8ADAF925 /* [CP] Copy Pods Resources */ = {
			isa = PBXShellScriptBuildPhase;
			buildActionMask = 2147483647;
			files = (
			);
			inputPaths = (
			);
			name = "[CP] Copy Pods Resources";
			outputPaths = (
			);
			runOnlyForDeploymentPostprocessing = 0;
			shellPath = /bin/sh;
			shellScript = "\"${SRCROOT}/Pods/Target Support Files/Pods-NetworkProject/Pods-NetworkProject-resources.sh\"\n";
			showEnvVarsInLog = 0;
		};
		737155132A10CC468A6D2DF1 /* [CP] Check Pods Manifest.lock */ = {
			isa = PBXShellScriptBuildPhase;
			buildActionMask = 2147483647;
			files = (
			);
			inputPaths = (
			);
			name = "[CP] Check Pods Manifest.lock";
			outputPaths = (
			);
			runOnlyForDeploymentPostprocessing = 0;
			shellPath = /bin/sh;
			shellScript = "diff \"${PODS_ROOT}/../Podfile.lock\" \"${PODS_ROOT}/Manifest.lock\" > /dev/null\nif [[ $? != 0 ]] ; then\n    cat << EOM\nerror: The sandbox is not in sync with the Podfile.lock. Run 'pod install' or update your CocoaPods installation.\nEOM\n    exit 1\nfi\n";
			showEnvVarsInLog = 0;
		};
		7EC55A79D45549E3FF0B94EF /* [CP] Check Pods Manifest.lock */ = {
			isa = PBXShellScriptBuildPhase;
			buildActionMask = 2147483647;
			files = (
			);
			inputPaths = (
			);
			name = "[CP] Check Pods Manifest.lock";
			outputPaths = (
			);
			runOnlyForDeploymentPostprocessing = 0;
			shellPath = /bin/sh;
			shellScript = "diff \"${PODS_ROOT}/../Podfile.lock\" \"${PODS_ROOT}/Manifest.lock\" > /dev/null\nif [[ $? != 0 ]] ; then\n    cat << EOM\nerror: The sandbox is not in sync with the Podfile.lock. Run 'pod install' or update your CocoaPods installation.\nEOM\n    exit 1\nfi\n";
			showEnvVarsInLog = 0;
		};
		AECCC6E57269C278CBB08531 /* [CP] Embed Pods Frameworks */ = {
			isa = PBXShellScriptBuildPhase;
			buildActionMask = 2147483647;
			files = (
			);
			inputPaths = (
			);
			name = "[CP] Embed Pods Frameworks";
			outputPaths = (
			);
			runOnlyForDeploymentPostprocessing = 0;
			shellPath = /bin/sh;
			shellScript = "\"${SRCROOT}/Pods/Target Support Files/Pods-NetworkProject/Pods-NetworkProject-frameworks.sh\"\n";
			showEnvVarsInLog = 0;
		};
		C5754819AB797F743262CF5F /* [CP] Copy Pods Resources */ = {
			isa = PBXShellScriptBuildPhase;
			buildActionMask = 2147483647;
			files = (
			);
			inputPaths = (
			);
			name = "[CP] Copy Pods Resources";
			outputPaths = (
			);
			runOnlyForDeploymentPostprocessing = 0;
			shellPath = /bin/sh;
			shellScript = "\"${SRCROOT}/Pods/Target Support Files/Pods-NetworkProjectTests/Pods-NetworkProjectTests-resources.sh\"\n";
			showEnvVarsInLog = 0;
		};
		CDEAB1DEA0CF587275BF4B5C /* [CP] Embed Pods Frameworks */ = {
			isa = PBXShellScriptBuildPhase;
			buildActionMask = 2147483647;
			files = (
			);
			inputPaths = (
			);
			name = "[CP] Embed Pods Frameworks";
			outputPaths = (
			);
			runOnlyForDeploymentPostprocessing = 0;
			shellPath = /bin/sh;
			shellScript = "\"${SRCROOT}/Pods/Target Support Files/Pods-NetworkProjectTests/Pods-NetworkProjectTests-frameworks.sh\"\n";
			showEnvVarsInLog = 0;
		};
		FCCADD78C34286AEFC43A593 /* [CP] Check Pods Manifest.lock */ = {
			isa = PBXShellScriptBuildPhase;
			buildActionMask = 2147483647;
			files = (
			);
			inputPaths = (
			);
			name = "[CP] Check Pods Manifest.lock";
			outputPaths = (
			);
			runOnlyForDeploymentPostprocessing = 0;
			shellPath = /bin/sh;
			shellScript = "diff \"${PODS_ROOT}/../Podfile.lock\" \"${PODS_ROOT}/Manifest.lock\" > /dev/null\nif [[ $? != 0 ]] ; then\n    cat << EOM\nerror: The sandbox is not in sync with the Podfile.lock. Run 'pod install' or update your CocoaPods installation.\nEOM\n    exit 1\nfi\n";
			showEnvVarsInLog = 0;
		};
/* End PBXShellScriptBuildPhase section */

/* Begin PBXSourcesBuildPhase section */
		03E96BE51D1A5E37002AC38B /* Sources */ = {
			isa = PBXSourcesBuildPhase;
			buildActionMask = 2147483647;
			files = (
				03E96BF11D1A5E37002AC38B /* AppDelegate.m in Sources */,
				037961CA1D1CC6B30082AA10 /* RequstObject.m in Sources */,
				03E96C211D1A5ECA002AC38B /* TableViewController.m in Sources */,
				03E96C241D1A73B1002AC38B /* ImageViewController.m in Sources */,
				03E96BEE1D1A5E37002AC38B /* main.m in Sources */,
			);
			runOnlyForDeploymentPostprocessing = 0;
		};
		03E96BFE1D1A5E37002AC38B /* Sources */ = {
			isa = PBXSourcesBuildPhase;
			buildActionMask = 2147483647;
			files = (
				03E96C071D1A5E37002AC38B /* NetworkProjectTests.m in Sources */,
			);
			runOnlyForDeploymentPostprocessing = 0;
		};
		03E96C091D1A5E37002AC38B /* Sources */ = {
			isa = PBXSourcesBuildPhase;
			buildActionMask = 2147483647;
			files = (
				03E96C121D1A5E37002AC38B /* NetworkProjectUITests.m in Sources */,
			);
			runOnlyForDeploymentPostprocessing = 0;
		};
/* End PBXSourcesBuildPhase section */

/* Begin PBXTargetDependency section */
		03E96C041D1A5E37002AC38B /* PBXTargetDependency */ = {
			isa = PBXTargetDependency;
			target = 03E96BE81D1A5E37002AC38B /* NetworkProject */;
			targetProxy = 03E96C031D1A5E37002AC38B /* PBXContainerItemProxy */;
		};
		03E96C0F1D1A5E37002AC38B /* PBXTargetDependency */ = {
			isa = PBXTargetDependency;
			target = 03E96BE81D1A5E37002AC38B /* NetworkProject */;
			targetProxy = 03E96C0E1D1A5E37002AC38B /* PBXContainerItemProxy */;
		};
/* End PBXTargetDependency section */

/* Begin PBXVariantGroup section */
		03E96BF51D1A5E37002AC38B /* Main.storyboard */ = {
			isa = PBXVariantGroup;
			children = (
				03E96BF61D1A5E37002AC38B /* Base */,
			);
			name = Main.storyboard;
			sourceTree = "<group>";
		};
		03E96BFA1D1A5E37002AC38B /* LaunchScreen.storyboard */ = {
			isa = PBXVariantGroup;
			children = (
				03E96BFB1D1A5E37002AC38B /* Base */,
			);
			name = LaunchScreen.storyboard;
			sourceTree = "<group>";
		};
/* End PBXVariantGroup section */

/* Begin XCBuildConfiguration section */
		03E96C141D1A5E37002AC38B /* Debug */ = {
			isa = XCBuildConfiguration;
			buildSettings = {
				ALWAYS_SEARCH_USER_PATHS = NO;
				CLANG_ANALYZER_NONNULL = YES;
				CLANG_CXX_LANGUAGE_STANDARD = "gnu++0x";
				CLANG_CXX_LIBRARY = "libc++";
				CLANG_ENABLE_MODULES = YES;
				CLANG_ENABLE_OBJC_ARC = YES;
				CLANG_WARN_BOOL_CONVERSION = YES;
				CLANG_WARN_CONSTANT_CONVERSION = YES;
				CLANG_WARN_DIRECT_OBJC_ISA_USAGE = YES_ERROR;
				CLANG_WARN_EMPTY_BODY = YES;
				CLANG_WARN_ENUM_CONVERSION = YES;
				CLANG_WARN_INT_CONVERSION = YES;
				CLANG_WARN_OBJC_ROOT_CLASS = YES_ERROR;
				CLANG_WARN_UNREACHABLE_CODE = YES;
				CLANG_WARN__DUPLICATE_METHOD_MATCH = YES;
				"CODE_SIGN_IDENTITY[sdk=iphoneos*]" = "iPhone Developer";
				COPY_PHASE_STRIP = NO;
				DEBUG_INFORMATION_FORMAT = dwarf;
				ENABLE_STRICT_OBJC_MSGSEND = YES;
				ENABLE_TESTABILITY = YES;
				GCC_C_LANGUAGE_STANDARD = gnu99;
				GCC_DYNAMIC_NO_PIC = NO;
				GCC_NO_COMMON_BLOCKS = YES;
				GCC_OPTIMIZATION_LEVEL = 0;
				GCC_PREPROCESSOR_DEFINITIONS = (
					"DEBUG=1",
					"$(inherited)",
				);
				GCC_WARN_64_TO_32_BIT_CONVERSION = YES;
				GCC_WARN_ABOUT_RETURN_TYPE = YES_ERROR;
				GCC_WARN_UNDECLARED_SELECTOR = YES;
				GCC_WARN_UNINITIALIZED_AUTOS = YES_AGGRESSIVE;
				GCC_WARN_UNUSED_FUNCTION = YES;
				GCC_WARN_UNUSED_VARIABLE = YES;
				IPHONEOS_DEPLOYMENT_TARGET = 9.3;
				MTL_ENABLE_DEBUG_INFO = YES;
				ONLY_ACTIVE_ARCH = YES;
				SDKROOT = iphoneos;
			};
			name = Debug;
		};
		03E96C151D1A5E37002AC38B /* Release */ = {
			isa = XCBuildConfiguration;
			buildSettings = {
				ALWAYS_SEARCH_USER_PATHS = NO;
				CLANG_ANALYZER_NONNULL = YES;
				CLANG_CXX_LANGUAGE_STANDARD = "gnu++0x";
				CLANG_CXX_LIBRARY = "libc++";
				CLANG_ENABLE_MODULES = YES;
				CLANG_ENABLE_OBJC_ARC = YES;
				CLANG_WARN_BOOL_CONVERSION = YES;
				CLANG_WARN_CONSTANT_CONVERSION = YES;
				CLANG_WARN_DIRECT_OBJC_ISA_USAGE = YES_ERROR;
				CLANG_WARN_EMPTY_BODY = YES;
				CLANG_WARN_ENUM_CONVERSION = YES;
				CLANG_WARN_INT_CONVERSION = YES;
				CLANG_WARN_OBJC_ROOT_CLASS = YES_ERROR;
				CLANG_WARN_UNREACHABLE_CODE = YES;
				CLANG_WARN__DUPLICATE_METHOD_MATCH = YES;
				"CODE_SIGN_IDENTITY[sdk=iphoneos*]" = "iPhone Developer";
				COPY_PHASE_STRIP = NO;
				DEBUG_INFORMATION_FORMAT = "dwarf-with-dsym";
				ENABLE_NS_ASSERTIONS = NO;
				ENABLE_STRICT_OBJC_MSGSEND = YES;
				GCC_C_LANGUAGE_STANDARD = gnu99;
				GCC_NO_COMMON_BLOCKS = YES;
				GCC_WARN_64_TO_32_BIT_CONVERSION = YES;
				GCC_WARN_ABOUT_RETURN_TYPE = YES_ERROR;
				GCC_WARN_UNDECLARED_SELECTOR = YES;
				GCC_WARN_UNINITIALIZED_AUTOS = YES_AGGRESSIVE;
				GCC_WARN_UNUSED_FUNCTION = YES;
				GCC_WARN_UNUSED_VARIABLE = YES;
				IPHONEOS_DEPLOYMENT_TARGET = 9.3;
				MTL_ENABLE_DEBUG_INFO = NO;
				SDKROOT = iphoneos;
				VALIDATE_PRODUCT = YES;
			};
			name = Release;
		};
		03E96C171D1A5E37002AC38B /* Debug */ = {
			isa = XCBuildConfiguration;
			baseConfigurationReference = 63F34E00FC7613727EE5CB8D /* Pods-NetworkProject.debug.xcconfig */;
			buildSettings = {
				ASSETCATALOG_COMPILER_APPICON_NAME = AppIcon;
				INFOPLIST_FILE = NetworkProject/Info.plist;
				LD_RUNPATH_SEARCH_PATHS = "$(inherited) @executable_path/Frameworks";
				PRODUCT_BUNDLE_IDENTIFIER = com.baecheese.NetworkProject;
				PRODUCT_NAME = "$(TARGET_NAME)";
			};
			name = Debug;
		};
		03E96C181D1A5E37002AC38B /* Release */ = {
			isa = XCBuildConfiguration;
			baseConfigurationReference = A8402EB1832F835F2D815DF2 /* Pods-NetworkProject.release.xcconfig */;
			buildSettings = {
				ASSETCATALOG_COMPILER_APPICON_NAME = AppIcon;
				INFOPLIST_FILE = NetworkProject/Info.plist;
				LD_RUNPATH_SEARCH_PATHS = "$(inherited) @executable_path/Frameworks";
				PRODUCT_BUNDLE_IDENTIFIER = com.baecheese.NetworkProject;
				PRODUCT_NAME = "$(TARGET_NAME)";
			};
			name = Release;
		};
		03E96C1A1D1A5E37002AC38B /* Debug */ = {
			isa = XCBuildConfiguration;
			baseConfigurationReference = 4012F79FD721A1E976599C13 /* Pods-NetworkProjectTests.debug.xcconfig */;
			buildSettings = {
				BUNDLE_LOADER = "$(TEST_HOST)";
				INFOPLIST_FILE = NetworkProjectTests/Info.plist;
				LD_RUNPATH_SEARCH_PATHS = "$(inherited) @executable_path/Frameworks @loader_path/Frameworks";
				PRODUCT_BUNDLE_IDENTIFIER = com.baecheese.NetworkProjectTests;
				PRODUCT_NAME = "$(TARGET_NAME)";
				TEST_HOST = "$(BUILT_PRODUCTS_DIR)/NetworkProject.app/NetworkProject";
			};
			name = Debug;
		};
		03E96C1B1D1A5E37002AC38B /* Release */ = {
			isa = XCBuildConfiguration;
			baseConfigurationReference = 813B560E0E353A3AB1F2DCE2 /* Pods-NetworkProjectTests.release.xcconfig */;
			buildSettings = {
				BUNDLE_LOADER = "$(TEST_HOST)";
				INFOPLIST_FILE = NetworkProjectTests/Info.plist;
				LD_RUNPATH_SEARCH_PATHS = "$(inherited) @executable_path/Frameworks @loader_path/Frameworks";
				PRODUCT_BUNDLE_IDENTIFIER = com.baecheese.NetworkProjectTests;
				PRODUCT_NAME = "$(TARGET_NAME)";
				TEST_HOST = "$(BUILT_PRODUCTS_DIR)/NetworkProject.app/NetworkProject";
			};
			name = Release;
		};
		03E96C1D1D1A5E37002AC38B /* Debug */ = {
			isa = XCBuildConfiguration;
			baseConfigurationReference = 11198555BBEEA86DCD3D9407 /* Pods-NetworkProjectUITests.debug.xcconfig */;
			buildSettings = {
				INFOPLIST_FILE = NetworkProjectUITests/Info.plist;
				LD_RUNPATH_SEARCH_PATHS = "$(inherited) @executable_path/Frameworks @loader_path/Frameworks";
				PRODUCT_BUNDLE_IDENTIFIER = com.baecheese.NetworkProjectUITests;
				PRODUCT_NAME = "$(TARGET_NAME)";
				TEST_TARGET_NAME = NetworkProject;
			};
			name = Debug;
		};
		03E96C1E1D1A5E37002AC38B /* Release */ = {
			isa = XCBuildConfiguration;
			baseConfigurationReference = 21922430BC713FAD16B39E23 /* Pods-NetworkProjectUITests.release.xcconfig */;
			buildSettings = {
				INFOPLIST_FILE = NetworkProjectUITests/Info.plist;
				LD_RUNPATH_SEARCH_PATHS = "$(inherited) @executable_path/Frameworks @loader_path/Frameworks";
				PRODUCT_BUNDLE_IDENTIFIER = com.baecheese.NetworkProjectUITests;
				PRODUCT_NAME = "$(TARGET_NAME)";
				TEST_TARGET_NAME = NetworkProject;
			};
			name = Release;
		};
/* End XCBuildConfiguration section */

/* Begin XCConfigurationList section */
		03E96BE41D1A5E37002AC38B /* Build configuration list for PBXProject "NetworkProject" */ = {
			isa = XCConfigurationList;
			buildConfigurations = (
				03E96C141D1A5E37002AC38B /* Debug */,
				03E96C151D1A5E37002AC38B /* Release */,
			);
			defaultConfigurationIsVisible = 0;
			defaultConfigurationName = Release;
		};
		03E96C161D1A5E37002AC38B /* Build configuration list for PBXNativeTarget "NetworkProject" */ = {
			isa = XCConfigurationList;
			buildConfigurations = (
				03E96C171D1A5E37002AC38B /* Debug */,
				03E96C181D1A5E37002AC38B /* Release */,
			);
			defaultConfigurationIsVisible = 0;
			defaultConfigurationName = Release;
		};
		03E96C191D1A5E37002AC38B /* Build configuration list for PBXNativeTarget "NetworkProjectTests" */ = {
			isa = XCConfigurationList;
			buildConfigurations = (
				03E96C1A1D1A5E37002AC38B /* Debug */,
				03E96C1B1D1A5E37002AC38B /* Release */,
			);
			defaultConfigurationIsVisible = 0;
			defaultConfigurationName = Release;
		};
		03E96C1C1D1A5E37002AC38B /* Build configuration list for PBXNativeTarget "NetworkProjectUITests" */ = {
			isa = XCConfigurationList;
			buildConfigurations = (
				03E96C1D1D1A5E37002AC38B /* Debug */,
				03E96C1E1D1A5E37002AC38B /* Release */,
			);
			defaultConfigurationIsVisible = 0;
			defaultConfigurationName = Release;
		};
/* End XCConfigurationList section */
	};
	rootObject = 03E96BE11D1A5E37002AC38B /* Project object */;
}
