// !$*UTF8*$!
{
	archiveVersion = 1;
	classes = {
	};
	objectVersion = 46;
	objects = {

/* Begin PBXBuildFile section */
		03BCAF4B1CE467E300F814D6 /* ReverseFunc.m in Sources */ = {isa = PBXBuildFile; fileRef = 03BCAF4A1CE467E300F814D6 /* ReverseFunc.m */; };
		03CB26431CE40E4100B55FC8 /* main.m in Sources */ = {isa = PBXBuildFile; fileRef = 03CB26421CE40E4100B55FC8 /* main.m */; };
		03CB264B1CE40F1900B55FC8 /* LastNumHalfUp.m in Sources */ = {isa = PBXBuildFile; fileRef = 03CB264A1CE40F1900B55FC8 /* LastNumHalfUp.m */; };
		03CB264E1CE41BE400B55FC8 /* PrintDate.m in Sources */ = {isa = PBXBuildFile; fileRef = 03CB264D1CE41BE400B55FC8 /* PrintDate.m */; };
/* End PBXBuildFile section */

/* Begin PBXCopyFilesBuildPhase section */
		03CB263D1CE40E4100B55FC8 /* CopyFiles */ = {
			isa = PBXCopyFilesBuildPhase;
			buildActionMask = 2147483647;
			dstPath = /usr/share/man/man1/;
			dstSubfolderSpec = 0;
			files = (
			);
			runOnlyForDeploymentPostprocessing = 1;
		};
/* End PBXCopyFilesBuildPhase section */

/* Begin PBXFileReference section */
		03BCAF491CE467E300F814D6 /* ReverseFunc.h */ = {isa = PBXFileReference; fileEncoding = 4; lastKnownFileType = sourcecode.c.h; path = ReverseFunc.h; sourceTree = "<group>"; };
		03BCAF4A1CE467E300F814D6 /* ReverseFunc.m */ = {isa = PBXFileReference; fileEncoding = 4; lastKnownFileType = sourcecode.c.objc; path = ReverseFunc.m; sourceTree = "<group>"; };
		03CB263F1CE40E4100B55FC8 /* RoundNum */ = {isa = PBXFileReference; explicitFileType = "compiled.mach-o.executable"; includeInIndex = 0; path = RoundNum; sourceTree = BUILT_PRODUCTS_DIR; };
		03CB26421CE40E4100B55FC8 /* main.m */ = {isa = PBXFileReference; lastKnownFileType = sourcecode.c.objc; path = main.m; sourceTree = "<group>"; };
		03CB26491CE40F1900B55FC8 /* LastNumHalfUp.h */ = {isa = PBXFileReference; fileEncoding = 4; lastKnownFileType = sourcecode.c.h; path = LastNumHalfUp.h; sourceTree = "<group>"; };
		03CB264A1CE40F1900B55FC8 /* LastNumHalfUp.m */ = {isa = PBXFileReference; fileEncoding = 4; lastKnownFileType = sourcecode.c.objc; path = LastNumHalfUp.m; sourceTree = "<group>"; };
		03CB264C1CE41BE400B55FC8 /* PrintDate.h */ = {isa = PBXFileReference; fileEncoding = 4; lastKnownFileType = sourcecode.c.h; path = PrintDate.h; sourceTree = "<group>"; };
		03CB264D1CE41BE400B55FC8 /* PrintDate.m */ = {isa = PBXFileReference; fileEncoding = 4; lastKnownFileType = sourcecode.c.objc; path = PrintDate.m; sourceTree = "<group>"; };
/* End PBXFileReference section */

/* Begin PBXFrameworksBuildPhase section */
		03CB263C1CE40E4100B55FC8 /* Frameworks */ = {
			isa = PBXFrameworksBuildPhase;
			buildActionMask = 2147483647;
			files = (
			);
			runOnlyForDeploymentPostprocessing = 0;
		};
/* End PBXFrameworksBuildPhase section */

/* Begin PBXGroup section */
		03CB26361CE40E4100B55FC8 = {
			isa = PBXGroup;
			children = (
				03CB26411CE40E4100B55FC8 /* RoundNum */,
				03CB26401CE40E4100B55FC8 /* Products */,
			);
			sourceTree = "<group>";
		};
		03CB26401CE40E4100B55FC8 /* Products */ = {
			isa = PBXGroup;
			children = (
				03CB263F1CE40E4100B55FC8 /* RoundNum */,
			);
			name = Products;
			sourceTree = "<group>";
		};
		03CB26411CE40E4100B55FC8 /* RoundNum */ = {
			isa = PBXGroup;
			children = (
				03CB26421CE40E4100B55FC8 /* main.m */,
				03CB26491CE40F1900B55FC8 /* LastNumHalfUp.h */,
				03CB264A1CE40F1900B55FC8 /* LastNumHalfUp.m */,
				03CB264C1CE41BE400B55FC8 /* PrintDate.h */,
				03CB264D1CE41BE400B55FC8 /* PrintDate.m */,
				03BCAF491CE467E300F814D6 /* ReverseFunc.h */,
				03BCAF4A1CE467E300F814D6 /* ReverseFunc.m */,
			);
			path = RoundNum;
			sourceTree = "<group>";
		};
/* End PBXGroup section */

/* Begin PBXNativeTarget section */
		03CB263E1CE40E4100B55FC8 /* RoundNum */ = {
			isa = PBXNativeTarget;
			buildConfigurationList = 03CB26461CE40E4100B55FC8 /* Build configuration list for PBXNativeTarget "RoundNum" */;
			buildPhases = (
				03CB263B1CE40E4100B55FC8 /* Sources */,
				03CB263C1CE40E4100B55FC8 /* Frameworks */,
				03CB263D1CE40E4100B55FC8 /* CopyFiles */,
			);
			buildRules = (
			);
			dependencies = (
			);
			name = RoundNum;
			productName = RoundNum;
			productReference = 03CB263F1CE40E4100B55FC8 /* RoundNum */;
			productType = "com.apple.product-type.tool";
		};
/* End PBXNativeTarget section */

/* Begin PBXProject section */
		03CB26371CE40E4100B55FC8 /* Project object */ = {
			isa = PBXProject;
			attributes = {
				LastUpgradeCheck = 0730;
				ORGANIZATIONNAME = baecheese;
				TargetAttributes = {
					03CB263E1CE40E4100B55FC8 = {
						CreatedOnToolsVersion = 7.3.1;
					};
				};
			};
			buildConfigurationList = 03CB263A1CE40E4100B55FC8 /* Build configuration list for PBXProject "RoundNum" */;
			compatibilityVersion = "Xcode 3.2";
			developmentRegion = English;
			hasScannedForEncodings = 0;
			knownRegions = (
				en,
			);
			mainGroup = 03CB26361CE40E4100B55FC8;
			productRefGroup = 03CB26401CE40E4100B55FC8 /* Products */;
			projectDirPath = "";
			projectRoot = "";
			targets = (
				03CB263E1CE40E4100B55FC8 /* RoundNum */,
			);
		};
/* End PBXProject section */

/* Begin PBXSourcesBuildPhase section */
		03CB263B1CE40E4100B55FC8 /* Sources */ = {
			isa = PBXSourcesBuildPhase;
			buildActionMask = 2147483647;
			files = (
				03BCAF4B1CE467E300F814D6 /* ReverseFunc.m in Sources */,
				03CB264B1CE40F1900B55FC8 /* LastNumHalfUp.m in Sources */,
				03CB264E1CE41BE400B55FC8 /* PrintDate.m in Sources */,
				03CB26431CE40E4100B55FC8 /* main.m in Sources */,
			);
			runOnlyForDeploymentPostprocessing = 0;
		};
/* End PBXSourcesBuildPhase section */

/* Begin XCBuildConfiguration section */
		03CB26441CE40E4100B55FC8 /* Debug */ = {
			isa = XCBuildConfiguration;
			buildSettings = {
				ALWAYS_SEARCH_USER_PATHS = NO;
				CLANG_ANALYZER_NONNULL = YES;
				CLANG_CXX_LANGUAGE_STANDARD = "gnu++0x";
				CLANG_CXX_LIBRARY = "libc++";
				CLANG_ENABLE_MODULES = YES;
				CLANG_ENABLE_OBJC_ARC = YES;
				CLANG_WARN_BOOL_CONVERSION = YES;
				CLANG_WARN_CONSTANT_CONVERSION = YES;
				CLANG_WARN_DIRECT_OBJC_ISA_USAGE = YES_ERROR;
				CLANG_WARN_EMPTY_BODY = YES;
				CLANG_WARN_ENUM_CONVERSION = YES;
				CLANG_WARN_INT_CONVERSION = YES;
				CLANG_WARN_OBJC_ROOT_CLASS = YES_ERROR;
				CLANG_WARN_UNREACHABLE_CODE = YES;
				CLANG_WARN__DUPLICATE_METHOD_MATCH = YES;
				CODE_SIGN_IDENTITY = "-";
				COPY_PHASE_STRIP = NO;
				DEBUG_INFORMATION_FORMAT = dwarf;
				ENABLE_STRICT_OBJC_MSGSEND = YES;
				ENABLE_TESTABILITY = YES;
				GCC_C_LANGUAGE_STANDARD = gnu99;
				GCC_DYNAMIC_NO_PIC = NO;
				GCC_NO_COMMON_BLOCKS = YES;
				GCC_OPTIMIZATION_LEVEL = 0;
				GCC_PREPROCESSOR_DEFINITIONS = (
					"DEBUG=1",
					"$(inherited)",
				);
				GCC_WARN_64_TO_32_BIT_CONVERSION = YES;
				GCC_WARN_ABOUT_RETURN_TYPE = YES_ERROR;
				GCC_WARN_UNDECLARED_SELECTOR = YES;
				GCC_WARN_UNINITIALIZED_AUTOS = YES_AGGRESSIVE;
				GCC_WARN_UNUSED_FUNCTION = YES;
				GCC_WARN_UNUSED_VARIABLE = YES;
				MACOSX_DEPLOYMENT_TARGET = 10.11;
				MTL_ENABLE_DEBUG_INFO = YES;
				ONLY_ACTIVE_ARCH = YES;
				SDKROOT = macosx;
			};
			name = Debug;
		};
		03CB26451CE40E4100B55FC8 /* Release */ = {
			isa = XCBuildConfiguration;
			buildSettings = {
				ALWAYS_SEARCH_USER_PATHS = NO;
				CLANG_ANALYZER_NONNULL = YES;
				CLANG_CXX_LANGUAGE_STANDARD = "gnu++0x";
				CLANG_CXX_LIBRARY = "libc++";
				CLANG_ENABLE_MODULES = YES;
				CLANG_ENABLE_OBJC_ARC = YES;
				CLANG_WARN_BOOL_CONVERSION = YES;
				CLANG_WARN_CONSTANT_CONVERSION = YES;
				CLANG_WARN_DIRECT_OBJC_ISA_USAGE = YES_ERROR;
				CLANG_WARN_EMPTY_BODY = YES;
				CLANG_WARN_ENUM_CONVERSION = YES;
				CLANG_WARN_INT_CONVERSION = YES;
				CLANG_WARN_OBJC_ROOT_CLASS = YES_ERROR;
				CLANG_WARN_UNREACHABLE_CODE = YES;
				CLANG_WARN__DUPLICATE_METHOD_MATCH = YES;
				CODE_SIGN_IDENTITY = "-";
				COPY_PHASE_STRIP = NO;
				DEBUG_INFORMATION_FORMAT = "dwarf-with-dsym";
				ENABLE_NS_ASSERTIONS = NO;
				ENABLE_STRICT_OBJC_MSGSEND = YES;
				GCC_C_LANGUAGE_STANDARD = gnu99;
				GCC_NO_COMMON_BLOCKS = YES;
				GCC_WARN_64_TO_32_BIT_CONVERSION = YES;
				GCC_WARN_ABOUT_RETURN_TYPE = YES_ERROR;
				GCC_WARN_UNDECLARED_SELECTOR = YES;
				GCC_WARN_UNINITIALIZED_AUTOS = YES_AGGRESSIVE;
				GCC_WARN_UNUSED_FUNCTION = YES;
				GCC_WARN_UNUSED_VARIABLE = YES;
				MACOSX_DEPLOYMENT_TARGET = 10.11;
				MTL_ENABLE_DEBUG_INFO = NO;
				SDKROOT = macosx;
			};
			name = Release;
		};
		03CB26471CE40E4100B55FC8 /* Debug */ = {
			isa = XCBuildConfiguration;
			buildSettings = {
				PRODUCT_NAME = "$(TARGET_NAME)";
			};
			name = Debug;
		};
		03CB26481CE40E4100B55FC8 /* Release */ = {
			isa = XCBuildConfiguration;
			buildSettings = {
				PRODUCT_NAME = "$(TARGET_NAME)";
			};
			name = Release;
		};
/* End XCBuildConfiguration section */

/* Begin XCConfigurationList section */
		03CB263A1CE40E4100B55FC8 /* Build configuration list for PBXProject "RoundNum" */ = {
			isa = XCConfigurationList;
			buildConfigurations = (
				03CB26441CE40E4100B55FC8 /* Debug */,
				03CB26451CE40E4100B55FC8 /* Release */,
			);
			defaultConfigurationIsVisible = 0;
			defaultConfigurationName = Release;
		};
		03CB26461CE40E4100B55FC8 /* Build configuration list for PBXNativeTarget "RoundNum" */ = {
			isa = XCConfigurationList;
			buildConfigurations = (
				03CB26471CE40E4100B55FC8 /* Debug */,
				03CB26481CE40E4100B55FC8 /* Release */,
			);
			defaultConfigurationIsVisible = 0;
			defaultConfigurationName = Release;
		};
/* End XCConfigurationList section */
	};
	rootObject = 03CB26371CE40E4100B55FC8 /* Project object */;
}
