// !$*UTF8*$!
{
	archiveVersion = 1;
	classes = {
	};
	objectVersion = 46;
	objects = {

/* Begin PBXBuildFile section */
		034188D71D24F114003770DC /* main.m in Sources */ = {isa = PBXBuildFile; fileRef = 034188D61D24F114003770DC /* main.m */; };
		034188DA1D24F114003770DC /* AppDelegate.m in Sources */ = {isa = PBXBuildFile; fileRef = 034188D91D24F114003770DC /* AppDelegate.m */; };
		034188DD1D24F114003770DC /* ViewController.m in Sources */ = {isa = PBXBuildFile; fileRef = 034188DC1D24F114003770DC /* ViewController.m */; };
		034188E01D24F114003770DC /* Main.storyboard in Resources */ = {isa = PBXBuildFile; fileRef = 034188DE1D24F114003770DC /* Main.storyboard */; };
		034188E21D24F114003770DC /* Assets.xcassets in Resources */ = {isa = PBXBuildFile; fileRef = 034188E11D24F114003770DC /* Assets.xcassets */; };
		034188E51D24F114003770DC /* LaunchScreen.storyboard in Resources */ = {isa = PBXBuildFile; fileRef = 034188E31D24F114003770DC /* LaunchScreen.storyboard */; };
/* End PBXBuildFile section */

/* Begin PBXFileReference section */
		034188D21D24F114003770DC /* Preprocessor.app */ = {isa = PBXFileReference; explicitFileType = wrapper.application; includeInIndex = 0; path = Preprocessor.app; sourceTree = BUILT_PRODUCTS_DIR; };
		034188D61D24F114003770DC /* main.m */ = {isa = PBXFileReference; lastKnownFileType = sourcecode.c.objc; path = main.m; sourceTree = "<group>"; };
		034188D81D24F114003770DC /* AppDelegate.h */ = {isa = PBXFileReference; lastKnownFileType = sourcecode.c.h; path = AppDelegate.h; sourceTree = "<group>"; };
		034188D91D24F114003770DC /* AppDelegate.m */ = {isa = PBXFileReference; lastKnownFileType = sourcecode.c.objc; path = AppDelegate.m; sourceTree = "<group>"; };
		034188DB1D24F114003770DC /* ViewController.h */ = {isa = PBXFileReference; lastKnownFileType = sourcecode.c.h; path = ViewController.h; sourceTree = "<group>"; };
		034188DC1D24F114003770DC /* ViewController.m */ = {isa = PBXFileReference; lastKnownFileType = sourcecode.c.objc; path = ViewController.m; sourceTree = "<group>"; };
		034188DF1D24F114003770DC /* Base */ = {isa = PBXFileReference; lastKnownFileType = file.storyboard; name = Base; path = Base.lproj/Main.storyboard; sourceTree = "<group>"; };
		034188E11D24F114003770DC /* Assets.xcassets */ = {isa = PBXFileReference; lastKnownFileType = folder.assetcatalog; path = Assets.xcassets; sourceTree = "<group>"; };
		034188E41D24F114003770DC /* Base */ = {isa = PBXFileReference; lastKnownFileType = file.storyboard; name = Base; path = Base.lproj/LaunchScreen.storyboard; sourceTree = "<group>"; };
		034188E61D24F114003770DC /* Info.plist */ = {isa = PBXFileReference; lastKnownFileType = text.plist.xml; path = Info.plist; sourceTree = "<group>"; };
		034188EC1D24F13B003770DC /* PrefixHeader.pch */ = {isa = PBXFileReference; lastKnownFileType = sourcecode.c.h; path = PrefixHeader.pch; sourceTree = "<group>"; };
/* End PBXFileReference section */

/* Begin PBXFrameworksBuildPhase section */
		034188CF1D24F114003770DC /* Frameworks */ = {
			isa = PBXFrameworksBuildPhase;
			buildActionMask = 2147483647;
			files = (
			);
			runOnlyForDeploymentPostprocessing = 0;
		};
/* End PBXFrameworksBuildPhase section */

/* Begin PBXGroup section */
		034188C91D24F114003770DC = {
			isa = PBXGroup;
			children = (
				034188D41D24F114003770DC /* Preprocessor */,
				034188D31D24F114003770DC /* Products */,
			);
			sourceTree = "<group>";
		};
		034188D31D24F114003770DC /* Products */ = {
			isa = PBXGroup;
			children = (
				034188D21D24F114003770DC /* Preprocessor.app */,
			);
			name = Products;
			sourceTree = "<group>";
		};
		034188D41D24F114003770DC /* Preprocessor */ = {
			isa = PBXGroup;
			children = (
				034188EC1D24F13B003770DC /* PrefixHeader.pch */,
				034188D81D24F114003770DC /* AppDelegate.h */,
				034188D91D24F114003770DC /* AppDelegate.m */,
				034188DB1D24F114003770DC /* ViewController.h */,
				034188DC1D24F114003770DC /* ViewController.m */,
				034188DE1D24F114003770DC /* Main.storyboard */,
				034188E11D24F114003770DC /* Assets.xcassets */,
				034188E31D24F114003770DC /* LaunchScreen.storyboard */,
				034188E61D24F114003770DC /* Info.plist */,
				034188D51D24F114003770DC /* Supporting Files */,
			);
			path = Preprocessor;
			sourceTree = "<group>";
		};
		034188D51D24F114003770DC /* Supporting Files */ = {
			isa = PBXGroup;
			children = (
				034188D61D24F114003770DC /* main.m */,
			);
			name = "Supporting Files";
			sourceTree = "<group>";
		};
/* End PBXGroup section */

/* Begin PBXNativeTarget section */
		034188D11D24F114003770DC /* Preprocessor */ = {
			isa = PBXNativeTarget;
			buildConfigurationList = 034188E91D24F114003770DC /* Build configuration list for PBXNativeTarget "Preprocessor" */;
			buildPhases = (
				034188CE1D24F114003770DC /* Sources */,
				034188CF1D24F114003770DC /* Frameworks */,
				034188D01D24F114003770DC /* Resources */,
			);
			buildRules = (
			);
			dependencies = (
			);
			name = Preprocessor;
			productName = Preprocessor;
			productReference = 034188D21D24F114003770DC /* Preprocessor.app */;
			productType = "com.apple.product-type.application";
		};
/* End PBXNativeTarget section */

/* Begin PBXProject section */
		034188CA1D24F114003770DC /* Project object */ = {
			isa = PBXProject;
			attributes = {
				LastUpgradeCheck = 0730;
				ORGANIZATIONNAME = baecheese;
				TargetAttributes = {
					034188D11D24F114003770DC = {
						CreatedOnToolsVersion = 7.3.1;
					};
				};
			};
			buildConfigurationList = 034188CD1D24F114003770DC /* Build configuration list for PBXProject "Preprocessor" */;
			compatibilityVersion = "Xcode 3.2";
			developmentRegion = English;
			hasScannedForEncodings = 0;
			knownRegions = (
				en,
				Base,
			);
			mainGroup = 034188C91D24F114003770DC;
			productRefGroup = 034188D31D24F114003770DC /* Products */;
			projectDirPath = "";
			projectRoot = "";
			targets = (
				034188D11D24F114003770DC /* Preprocessor */,
			);
		};
/* End PBXProject section */

/* Begin PBXResourcesBuildPhase section */
		034188D01D24F114003770DC /* Resources */ = {
			isa = PBXResourcesBuildPhase;
			buildActionMask = 2147483647;
			files = (
				034188E51D24F114003770DC /* LaunchScreen.storyboard in Resources */,
				034188E21D24F114003770DC /* Assets.xcassets in Resources */,
				034188E01D24F114003770DC /* Main.storyboard in Resources */,
			);
			runOnlyForDeploymentPostprocessing = 0;
		};
/* End PBXResourcesBuildPhase section */

/* Begin PBXSourcesBuildPhase section */
		034188CE1D24F114003770DC /* Sources */ = {
			isa = PBXSourcesBuildPhase;
			buildActionMask = 2147483647;
			files = (
				034188DD1D24F114003770DC /* ViewController.m in Sources */,
				034188DA1D24F114003770DC /* AppDelegate.m in Sources */,
				034188D71D24F114003770DC /* main.m in Sources */,
			);
			runOnlyForDeploymentPostprocessing = 0;
		};
/* End PBXSourcesBuildPhase section */

/* Begin PBXVariantGroup section */
		034188DE1D24F114003770DC /* Main.storyboard */ = {
			isa = PBXVariantGroup;
			children = (
				034188DF1D24F114003770DC /* Base */,
			);
			name = Main.storyboard;
			sourceTree = "<group>";
		};
		034188E31D24F114003770DC /* LaunchScreen.storyboard */ = {
			isa = PBXVariantGroup;
			children = (
				034188E41D24F114003770DC /* Base */,
			);
			name = LaunchScreen.storyboard;
			sourceTree = "<group>";
		};
/* End PBXVariantGroup section */

/* Begin XCBuildConfiguration section */
		034188E71D24F114003770DC /* Debug */ = {
			isa = XCBuildConfiguration;
			buildSettings = {
				ALWAYS_SEARCH_USER_PATHS = NO;
				CLANG_ANALYZER_NONNULL = YES;
				CLANG_CXX_LANGUAGE_STANDARD = "gnu++0x";
				CLANG_CXX_LIBRARY = "libc++";
				CLANG_ENABLE_MODULES = YES;
				CLANG_ENABLE_OBJC_ARC = YES;
				CLANG_WARN_BOOL_CONVERSION = YES;
				CLANG_WARN_CONSTANT_CONVERSION = YES;
				CLANG_WARN_DIRECT_OBJC_ISA_USAGE = YES_ERROR;
				CLANG_WARN_EMPTY_BODY = YES;
				CLANG_WARN_ENUM_CONVERSION = YES;
				CLANG_WARN_INT_CONVERSION = YES;
				CLANG_WARN_OBJC_ROOT_CLASS = YES_ERROR;
				CLANG_WARN_UNREACHABLE_CODE = YES;
				CLANG_WARN__DUPLICATE_METHOD_MATCH = YES;
				"CODE_SIGN_IDENTITY[sdk=iphoneos*]" = "iPhone Developer";
				COPY_PHASE_STRIP = NO;
				DEBUG_INFORMATION_FORMAT = dwarf;
				ENABLE_STRICT_OBJC_MSGSEND = YES;
				ENABLE_TESTABILITY = YES;
				GCC_C_LANGUAGE_STANDARD = gnu99;
				GCC_DYNAMIC_NO_PIC = NO;
				GCC_NO_COMMON_BLOCKS = YES;
				GCC_OPTIMIZATION_LEVEL = 0;
				GCC_PREPROCESSOR_DEFINITIONS = (
					"DEBUG=1",
					"$(inherited)",
				);
				GCC_WARN_64_TO_32_BIT_CONVERSION = YES;
				GCC_WARN_ABOUT_RETURN_TYPE = YES_ERROR;
				GCC_WARN_UNDECLARED_SELECTOR = YES;
				GCC_WARN_UNINITIALIZED_AUTOS = YES_AGGRESSIVE;
				GCC_WARN_UNUSED_FUNCTION = YES;
				GCC_WARN_UNUSED_VARIABLE = YES;
				IPHONEOS_DEPLOYMENT_TARGET = 9.3;
				MTL_ENABLE_DEBUG_INFO = YES;
				ONLY_ACTIVE_ARCH = YES;
				SDKROOT = iphoneos;
			};
			name = Debug;
		};
		034188E81D24F114003770DC /* Release */ = {
			isa = XCBuildConfiguration;
			buildSettings = {
				ALWAYS_SEARCH_USER_PATHS = NO;
				CLANG_ANALYZER_NONNULL = YES;
				CLANG_CXX_LANGUAGE_STANDARD = "gnu++0x";
				CLANG_CXX_LIBRARY = "libc++";
				CLANG_ENABLE_MODULES = YES;
				CLANG_ENABLE_OBJC_ARC = YES;
				CLANG_WARN_BOOL_CONVERSION = YES;
				CLANG_WARN_CONSTANT_CONVERSION = YES;
				CLANG_WARN_DIRECT_OBJC_ISA_USAGE = YES_ERROR;
				CLANG_WARN_EMPTY_BODY = YES;
				CLANG_WARN_ENUM_CONVERSION = YES;
				CLANG_WARN_INT_CONVERSION = YES;
				CLANG_WARN_OBJC_ROOT_CLASS = YES_ERROR;
				CLANG_WARN_UNREACHABLE_CODE = YES;
				CLANG_WARN__DUPLICATE_METHOD_MATCH = YES;
				"CODE_SIGN_IDENTITY[sdk=iphoneos*]" = "iPhone Developer";
				COPY_PHASE_STRIP = NO;
				DEBUG_INFORMATION_FORMAT = "dwarf-with-dsym";
				ENABLE_NS_ASSERTIONS = NO;
				ENABLE_STRICT_OBJC_MSGSEND = YES;
				GCC_C_LANGUAGE_STANDARD = gnu99;
				GCC_NO_COMMON_BLOCKS = YES;
				GCC_WARN_64_TO_32_BIT_CONVERSION = YES;
				GCC_WARN_ABOUT_RETURN_TYPE = YES_ERROR;
				GCC_WARN_UNDECLARED_SELECTOR = YES;
				GCC_WARN_UNINITIALIZED_AUTOS = YES_AGGRESSIVE;
				GCC_WARN_UNUSED_FUNCTION = YES;
				GCC_WARN_UNUSED_VARIABLE = YES;
				IPHONEOS_DEPLOYMENT_TARGET = 9.3;
				MTL_ENABLE_DEBUG_INFO = NO;
				SDKROOT = iphoneos;
				VALIDATE_PRODUCT = YES;
			};
			name = Release;
		};
		034188EA1D24F114003770DC /* Debug */ = {
			isa = XCBuildConfiguration;
			buildSettings = {
				ASSETCATALOG_COMPILER_APPICON_NAME = AppIcon;
				GCC_PRECOMPILE_PREFIX_HEADER = YES;
				GCC_PREFIX_HEADER = "$(SRCROOT)/Preprocessor/PrefixHeader.pch";
				INFOPLIST_FILE = Preprocessor/Info.plist;
				LD_RUNPATH_SEARCH_PATHS = "$(inherited) @executable_path/Frameworks";
				PRODUCT_BUNDLE_IDENTIFIER = com.baecheese.Preprocessor;
				PRODUCT_NAME = "$(TARGET_NAME)";
			};
			name = Debug;
		};
		034188EB1D24F114003770DC /* Release */ = {
			isa = XCBuildConfiguration;
			buildSettings = {
				ASSETCATALOG_COMPILER_APPICON_NAME = AppIcon;
				GCC_PRECOMPILE_PREFIX_HEADER = YES;
				GCC_PREFIX_HEADER = "$(SRCROOT)/Preprocessor/PrefixHeader.pch";
				INFOPLIST_FILE = Preprocessor/Info.plist;
				LD_RUNPATH_SEARCH_PATHS = "$(inherited) @executable_path/Frameworks";
				PRODUCT_BUNDLE_IDENTIFIER = com.baecheese.Preprocessor;
				PRODUCT_NAME = "$(TARGET_NAME)";
			};
			name = Release;
		};
/* End XCBuildConfiguration section */

/* Begin XCConfigurationList section */
		034188CD1D24F114003770DC /* Build configuration list for PBXProject "Preprocessor" */ = {
			isa = XCConfigurationList;
			buildConfigurations = (
				034188E71D24F114003770DC /* Debug */,
				034188E81D24F114003770DC /* Release */,
			);
			defaultConfigurationIsVisible = 0;
			defaultConfigurationName = Release;
		};
		034188E91D24F114003770DC /* Build configuration list for PBXNativeTarget "Preprocessor" */ = {
			isa = XCConfigurationList;
			buildConfigurations = (
				034188EA1D24F114003770DC /* Debug */,
				034188EB1D24F114003770DC /* Release */,
			);
			defaultConfigurationIsVisible = 0;
		};
/* End XCConfigurationList section */
	};
	rootObject = 034188CA1D24F114003770DC /* Project object */;
}
