// !$*UTF8*$!
{
	archiveVersion = 1;
	classes = {
	};
	objectVersion = 46;
	objects = {

/* Begin PBXBuildFile section */
		03BCAF591CE491E900F814D6 /* main.m in Sources */ = {isa = PBXBuildFile; fileRef = 03BCAF581CE491E900F814D6 /* main.m */; };
		03BCAF611CE4922300F814D6 /* Card.m in Sources */ = {isa = PBXBuildFile; fileRef = 03BCAF601CE4922300F814D6 /* Card.m */; };
		03BCAF641CE4923D00F814D6 /* Dealer.m in Sources */ = {isa = PBXBuildFile; fileRef = 03BCAF631CE4923D00F814D6 /* Dealer.m */; };
/* End PBXBuildFile section */

/* Begin PBXCopyFilesBuildPhase section */
		03BCAF531CE491E900F814D6 /* CopyFiles */ = {
			isa = PBXCopyFilesBuildPhase;
			buildActionMask = 2147483647;
			dstPath = /usr/share/man/man1/;
			dstSubfolderSpec = 0;
			files = (
			);
			runOnlyForDeploymentPostprocessing = 1;
		};
/* End PBXCopyFilesBuildPhase section */

/* Begin PBXFileReference section */
		03BCAF551CE491E900F814D6 /* CardDock */ = {isa = PBXFileReference; explicitFileType = "compiled.mach-o.executable"; includeInIndex = 0; path = CardDock; sourceTree = BUILT_PRODUCTS_DIR; };
		03BCAF581CE491E900F814D6 /* main.m */ = {isa = PBXFileReference; lastKnownFileType = sourcecode.c.objc; path = main.m; sourceTree = "<group>"; };
		03BCAF5F1CE4922300F814D6 /* Card.h */ = {isa = PBXFileReference; fileEncoding = 4; lastKnownFileType = sourcecode.c.h; path = Card.h; sourceTree = "<group>"; };
		03BCAF601CE4922300F814D6 /* Card.m */ = {isa = PBXFileReference; fileEncoding = 4; lastKnownFileType = sourcecode.c.objc; path = Card.m; sourceTree = "<group>"; };
		03BCAF621CE4923D00F814D6 /* Dealer.h */ = {isa = PBXFileReference; fileEncoding = 4; lastKnownFileType = sourcecode.c.h; path = Dealer.h; sourceTree = "<group>"; };
		03BCAF631CE4923D00F814D6 /* Dealer.m */ = {isa = PBXFileReference; fileEncoding = 4; lastKnownFileType = sourcecode.c.objc; path = Dealer.m; sourceTree = "<group>"; };
/* End PBXFileReference section */

/* Begin PBXFrameworksBuildPhase section */
		03BCAF521CE491E900F814D6 /* Frameworks */ = {
			isa = PBXFrameworksBuildPhase;
			buildActionMask = 2147483647;
			files = (
			);
			runOnlyForDeploymentPostprocessing = 0;
		};
/* End PBXFrameworksBuildPhase section */

/* Begin PBXGroup section */
		03BCAF4C1CE491E900F814D6 = {
			isa = PBXGroup;
			children = (
				03BCAF571CE491E900F814D6 /* CardDock */,
				03BCAF561CE491E900F814D6 /* Products */,
			);
			sourceTree = "<group>";
		};
		03BCAF561CE491E900F814D6 /* Products */ = {
			isa = PBXGroup;
			children = (
				03BCAF551CE491E900F814D6 /* CardDock */,
			);
			name = Products;
			sourceTree = "<group>";
		};
		03BCAF571CE491E900F814D6 /* CardDock */ = {
			isa = PBXGroup;
			children = (
				03BCAF581CE491E900F814D6 /* main.m */,
				03BCAF5F1CE4922300F814D6 /* Card.h */,
				03BCAF601CE4922300F814D6 /* Card.m */,
				03BCAF621CE4923D00F814D6 /* Dealer.h */,
				03BCAF631CE4923D00F814D6 /* Dealer.m */,
			);
			path = CardDock;
			sourceTree = "<group>";
		};
/* End PBXGroup section */

/* Begin PBXNativeTarget section */
		03BCAF541CE491E900F814D6 /* CardDock */ = {
			isa = PBXNativeTarget;
			buildConfigurationList = 03BCAF5C1CE491E900F814D6 /* Build configuration list for PBXNativeTarget "CardDock" */;
			buildPhases = (
				03BCAF511CE491E900F814D6 /* Sources */,
				03BCAF521CE491E900F814D6 /* Frameworks */,
				03BCAF531CE491E900F814D6 /* CopyFiles */,
			);
			buildRules = (
			);
			dependencies = (
			);
			name = CardDock;
			productName = CardDock;
			productReference = 03BCAF551CE491E900F814D6 /* CardDock */;
			productType = "com.apple.product-type.tool";
		};
/* End PBXNativeTarget section */

/* Begin PBXProject section */
		03BCAF4D1CE491E900F814D6 /* Project object */ = {
			isa = PBXProject;
			attributes = {
				LastUpgradeCheck = 0730;
				ORGANIZATIONNAME = baecheese;
				TargetAttributes = {
					03BCAF541CE491E900F814D6 = {
						CreatedOnToolsVersion = 7.3.1;
					};
				};
			};
			buildConfigurationList = 03BCAF501CE491E900F814D6 /* Build configuration list for PBXProject "CardDock" */;
			compatibilityVersion = "Xcode 3.2";
			developmentRegion = English;
			hasScannedForEncodings = 0;
			knownRegions = (
				en,
			);
			mainGroup = 03BCAF4C1CE491E900F814D6;
			productRefGroup = 03BCAF561CE491E900F814D6 /* Products */;
			projectDirPath = "";
			projectRoot = "";
			targets = (
				03BCAF541CE491E900F814D6 /* CardDock */,
			);
		};
/* End PBXProject section */

/* Begin PBXSourcesBuildPhase section */
		03BCAF511CE491E900F814D6 /* Sources */ = {
			isa = PBXSourcesBuildPhase;
			buildActionMask = 2147483647;
			files = (
				03BCAF611CE4922300F814D6 /* Card.m in Sources */,
				03BCAF591CE491E900F814D6 /* main.m in Sources */,
				03BCAF641CE4923D00F814D6 /* Dealer.m in Sources */,
			);
			runOnlyForDeploymentPostprocessing = 0;
		};
/* End PBXSourcesBuildPhase section */

/* Begin XCBuildConfiguration section */
		03BCAF5A1CE491E900F814D6 /* Debug */ = {
			isa = XCBuildConfiguration;
			buildSettings = {
				ALWAYS_SEARCH_USER_PATHS = NO;
				CLANG_ANALYZER_NONNULL = YES;
				CLANG_CXX_LANGUAGE_STANDARD = "gnu++0x";
				CLANG_CXX_LIBRARY = "libc++";
				CLANG_ENABLE_MODULES = YES;
				CLANG_ENABLE_OBJC_ARC = YES;
				CLANG_WARN_BOOL_CONVERSION = YES;
				CLANG_WARN_CONSTANT_CONVERSION = YES;
				CLANG_WARN_DIRECT_OBJC_ISA_USAGE = YES_ERROR;
				CLANG_WARN_EMPTY_BODY = YES;
				CLANG_WARN_ENUM_CONVERSION = YES;
				CLANG_WARN_INT_CONVERSION = YES;
				CLANG_WARN_OBJC_ROOT_CLASS = YES_ERROR;
				CLANG_WARN_UNREACHABLE_CODE = YES;
				CLANG_WARN__DUPLICATE_METHOD_MATCH = YES;
				CODE_SIGN_IDENTITY = "-";
				COPY_PHASE_STRIP = NO;
				DEBUG_INFORMATION_FORMAT = dwarf;
				ENABLE_STRICT_OBJC_MSGSEND = YES;
				ENABLE_TESTABILITY = YES;
				GCC_C_LANGUAGE_STANDARD = gnu99;
				GCC_DYNAMIC_NO_PIC = NO;
				GCC_NO_COMMON_BLOCKS = YES;
				GCC_OPTIMIZATION_LEVEL = 0;
				GCC_PREPROCESSOR_DEFINITIONS = (
					"DEBUG=1",
					"$(inherited)",
				);
				GCC_WARN_64_TO_32_BIT_CONVERSION = YES;
				GCC_WARN_ABOUT_RETURN_TYPE = YES_ERROR;
				GCC_WARN_UNDECLARED_SELECTOR = YES;
				GCC_WARN_UNINITIALIZED_AUTOS = YES_AGGRESSIVE;
				GCC_WARN_UNUSED_FUNCTION = YES;
				GCC_WARN_UNUSED_VARIABLE = YES;
				MACOSX_DEPLOYMENT_TARGET = 10.11;
				MTL_ENABLE_DEBUG_INFO = YES;
				ONLY_ACTIVE_ARCH = YES;
				SDKROOT = macosx;
			};
			name = Debug;
		};
		03BCAF5B1CE491E900F814D6 /* Release */ = {
			isa = XCBuildConfiguration;
			buildSettings = {
				ALWAYS_SEARCH_USER_PATHS = NO;
				CLANG_ANALYZER_NONNULL = YES;
				CLANG_CXX_LANGUAGE_STANDARD = "gnu++0x";
				CLANG_CXX_LIBRARY = "libc++";
				CLANG_ENABLE_MODULES = YES;
				CLANG_ENABLE_OBJC_ARC = YES;
				CLANG_WARN_BOOL_CONVERSION = YES;
				CLANG_WARN_CONSTANT_CONVERSION = YES;
				CLANG_WARN_DIRECT_OBJC_ISA_USAGE = YES_ERROR;
				CLANG_WARN_EMPTY_BODY = YES;
				CLANG_WARN_ENUM_CONVERSION = YES;
				CLANG_WARN_INT_CONVERSION = YES;
				CLANG_WARN_OBJC_ROOT_CLASS = YES_ERROR;
				CLANG_WARN_UNREACHABLE_CODE = YES;
				CLANG_WARN__DUPLICATE_METHOD_MATCH = YES;
				CODE_SIGN_IDENTITY = "-";
				COPY_PHASE_STRIP = NO;
				DEBUG_INFORMATION_FORMAT = "dwarf-with-dsym";
				ENABLE_NS_ASSERTIONS = NO;
				ENABLE_STRICT_OBJC_MSGSEND = YES;
				GCC_C_LANGUAGE_STANDARD = gnu99;
				GCC_NO_COMMON_BLOCKS = YES;
				GCC_WARN_64_TO_32_BIT_CONVERSION = YES;
				GCC_WARN_ABOUT_RETURN_TYPE = YES_ERROR;
				GCC_WARN_UNDECLARED_SELECTOR = YES;
				GCC_WARN_UNINITIALIZED_AUTOS = YES_AGGRESSIVE;
				GCC_WARN_UNUSED_FUNCTION = YES;
				GCC_WARN_UNUSED_VARIABLE = YES;
				MACOSX_DEPLOYMENT_TARGET = 10.11;
				MTL_ENABLE_DEBUG_INFO = NO;
				SDKROOT = macosx;
			};
			name = Release;
		};
		03BCAF5D1CE491E900F814D6 /* Debug */ = {
			isa = XCBuildConfiguration;
			buildSettings = {
				PRODUCT_NAME = "$(TARGET_NAME)";
			};
			name = Debug;
		};
		03BCAF5E1CE491E900F814D6 /* Release */ = {
			isa = XCBuildConfiguration;
			buildSettings = {
				PRODUCT_NAME = "$(TARGET_NAME)";
			};
			name = Release;
		};
/* End XCBuildConfiguration section */

/* Begin XCConfigurationList section */
		03BCAF501CE491E900F814D6 /* Build configuration list for PBXProject "CardDock" */ = {
			isa = XCConfigurationList;
			buildConfigurations = (
				03BCAF5A1CE491E900F814D6 /* Debug */,
				03BCAF5B1CE491E900F814D6 /* Release */,
			);
			defaultConfigurationIsVisible = 0;
			defaultConfigurationName = Release;
		};
		03BCAF5C1CE491E900F814D6 /* Build configuration list for PBXNativeTarget "CardDock" */ = {
			isa = XCConfigurationList;
			buildConfigurations = (
				03BCAF5D1CE491E900F814D6 /* Debug */,
				03BCAF5E1CE491E900F814D6 /* Release */,
			);
			defaultConfigurationIsVisible = 0;
			defaultConfigurationName = Release;
		};
/* End XCConfigurationList section */
	};
	rootObject = 03BCAF4D1CE491E900F814D6 /* Project object */;
}
