// !$*UTF8*$!
{
	archiveVersion = 1;
	classes = {
	};
	objectVersion = 46;
	objects = {

/* Begin PBXBuildFile section */
		03E26E0A1D0A556100B67EC7 /* main.m in Sources */ = {isa = PBXBuildFile; fileRef = 03E26E091D0A556100B67EC7 /* main.m */; };
		03E26E0D1D0A556100B67EC7 /* AppDelegate.m in Sources */ = {isa = PBXBuildFile; fileRef = 03E26E0C1D0A556100B67EC7 /* AppDelegate.m */; };
		03E26E101D0A556100B67EC7 /* ViewController.m in Sources */ = {isa = PBXBuildFile; fileRef = 03E26E0F1D0A556100B67EC7 /* ViewController.m */; };
		03E26E131D0A556100B67EC7 /* Main.storyboard in Resources */ = {isa = PBXBuildFile; fileRef = 03E26E111D0A556100B67EC7 /* Main.storyboard */; };
		03E26E151D0A556100B67EC7 /* Assets.xcassets in Resources */ = {isa = PBXBuildFile; fileRef = 03E26E141D0A556100B67EC7 /* Assets.xcassets */; };
		03E26E181D0A556100B67EC7 /* LaunchScreen.storyboard in Resources */ = {isa = PBXBuildFile; fileRef = 03E26E161D0A556100B67EC7 /* LaunchScreen.storyboard */; };
		03E26E231D0A556200B67EC7 /* AlertExampleTests.m in Sources */ = {isa = PBXBuildFile; fileRef = 03E26E221D0A556200B67EC7 /* AlertExampleTests.m */; };
		03E26E2E1D0A556200B67EC7 /* AlertExampleUITests.m in Sources */ = {isa = PBXBuildFile; fileRef = 03E26E2D1D0A556200B67EC7 /* AlertExampleUITests.m */; };
/* End PBXBuildFile section */

/* Begin PBXContainerItemProxy section */
		03E26E1F1D0A556100B67EC7 /* PBXContainerItemProxy */ = {
			isa = PBXContainerItemProxy;
			containerPortal = 03E26DFD1D0A556100B67EC7 /* Project object */;
			proxyType = 1;
			remoteGlobalIDString = 03E26E041D0A556100B67EC7;
			remoteInfo = AlertExample;
		};
		03E26E2A1D0A556200B67EC7 /* PBXContainerItemProxy */ = {
			isa = PBXContainerItemProxy;
			containerPortal = 03E26DFD1D0A556100B67EC7 /* Project object */;
			proxyType = 1;
			remoteGlobalIDString = 03E26E041D0A556100B67EC7;
			remoteInfo = AlertExample;
		};
/* End PBXContainerItemProxy section */

/* Begin PBXFileReference section */
		03E26E051D0A556100B67EC7 /* AlertExample.app */ = {isa = PBXFileReference; explicitFileType = wrapper.application; includeInIndex = 0; path = AlertExample.app; sourceTree = BUILT_PRODUCTS_DIR; };
		03E26E091D0A556100B67EC7 /* main.m */ = {isa = PBXFileReference; lastKnownFileType = sourcecode.c.objc; path = main.m; sourceTree = "<group>"; };
		03E26E0B1D0A556100B67EC7 /* AppDelegate.h */ = {isa = PBXFileReference; lastKnownFileType = sourcecode.c.h; path = AppDelegate.h; sourceTree = "<group>"; };
		03E26E0C1D0A556100B67EC7 /* AppDelegate.m */ = {isa = PBXFileReference; lastKnownFileType = sourcecode.c.objc; path = AppDelegate.m; sourceTree = "<group>"; };
		03E26E0E1D0A556100B67EC7 /* ViewController.h */ = {isa = PBXFileReference; lastKnownFileType = sourcecode.c.h; path = ViewController.h; sourceTree = "<group>"; };
		03E26E0F1D0A556100B67EC7 /* ViewController.m */ = {isa = PBXFileReference; lastKnownFileType = sourcecode.c.objc; path = ViewController.m; sourceTree = "<group>"; };
		03E26E121D0A556100B67EC7 /* Base */ = {isa = PBXFileReference; lastKnownFileType = file.storyboard; name = Base; path = Base.lproj/Main.storyboard; sourceTree = "<group>"; };
		03E26E141D0A556100B67EC7 /* Assets.xcassets */ = {isa = PBXFileReference; lastKnownFileType = folder.assetcatalog; path = Assets.xcassets; sourceTree = "<group>"; };
		03E26E171D0A556100B67EC7 /* Base */ = {isa = PBXFileReference; lastKnownFileType = file.storyboard; name = Base; path = Base.lproj/LaunchScreen.storyboard; sourceTree = "<group>"; };
		03E26E191D0A556100B67EC7 /* Info.plist */ = {isa = PBXFileReference; lastKnownFileType = text.plist.xml; path = Info.plist; sourceTree = "<group>"; };
		03E26E1E1D0A556100B67EC7 /* AlertExampleTests.xctest */ = {isa = PBXFileReference; explicitFileType = wrapper.cfbundle; includeInIndex = 0; path = AlertExampleTests.xctest; sourceTree = BUILT_PRODUCTS_DIR; };
		03E26E221D0A556200B67EC7 /* AlertExampleTests.m */ = {isa = PBXFileReference; lastKnownFileType = sourcecode.c.objc; path = AlertExampleTests.m; sourceTree = "<group>"; };
		03E26E241D0A556200B67EC7 /* Info.plist */ = {isa = PBXFileReference; lastKnownFileType = text.plist.xml; path = Info.plist; sourceTree = "<group>"; };
		03E26E291D0A556200B67EC7 /* AlertExampleUITests.xctest */ = {isa = PBXFileReference; explicitFileType = wrapper.cfbundle; includeInIndex = 0; path = AlertExampleUITests.xctest; sourceTree = BUILT_PRODUCTS_DIR; };
		03E26E2D1D0A556200B67EC7 /* AlertExampleUITests.m */ = {isa = PBXFileReference; lastKnownFileType = sourcecode.c.objc; path = AlertExampleUITests.m; sourceTree = "<group>"; };
		03E26E2F1D0A556200B67EC7 /* Info.plist */ = {isa = PBXFileReference; lastKnownFileType = text.plist.xml; path = Info.plist; sourceTree = "<group>"; };
/* End PBXFileReference section */

/* Begin PBXFrameworksBuildPhase section */
		03E26E021D0A556100B67EC7 /* Frameworks */ = {
			isa = PBXFrameworksBuildPhase;
			buildActionMask = 2147483647;
			files = (
			);
			runOnlyForDeploymentPostprocessing = 0;
		};
		03E26E1B1D0A556100B67EC7 /* Frameworks */ = {
			isa = PBXFrameworksBuildPhase;
			buildActionMask = 2147483647;
			files = (
			);
			runOnlyForDeploymentPostprocessing = 0;
		};
		03E26E261D0A556200B67EC7 /* Frameworks */ = {
			isa = PBXFrameworksBuildPhase;
			buildActionMask = 2147483647;
			files = (
			);
			runOnlyForDeploymentPostprocessing = 0;
		};
/* End PBXFrameworksBuildPhase section */

/* Begin PBXGroup section */
		03E26DFC1D0A556100B67EC7 = {
			isa = PBXGroup;
			children = (
				03E26E071D0A556100B67EC7 /* AlertExample */,
				03E26E211D0A556100B67EC7 /* AlertExampleTests */,
				03E26E2C1D0A556200B67EC7 /* AlertExampleUITests */,
				03E26E061D0A556100B67EC7 /* Products */,
			);
			sourceTree = "<group>";
		};
		03E26E061D0A556100B67EC7 /* Products */ = {
			isa = PBXGroup;
			children = (
				03E26E051D0A556100B67EC7 /* AlertExample.app */,
				03E26E1E1D0A556100B67EC7 /* AlertExampleTests.xctest */,
				03E26E291D0A556200B67EC7 /* AlertExampleUITests.xctest */,
			);
			name = Products;
			sourceTree = "<group>";
		};
		03E26E071D0A556100B67EC7 /* AlertExample */ = {
			isa = PBXGroup;
			children = (
				03E26E0B1D0A556100B67EC7 /* AppDelegate.h */,
				03E26E0C1D0A556100B67EC7 /* AppDelegate.m */,
				03E26E0E1D0A556100B67EC7 /* ViewController.h */,
				03E26E0F1D0A556100B67EC7 /* ViewController.m */,
				03E26E111D0A556100B67EC7 /* Main.storyboard */,
				03E26E141D0A556100B67EC7 /* Assets.xcassets */,
				03E26E161D0A556100B67EC7 /* LaunchScreen.storyboard */,
				03E26E191D0A556100B67EC7 /* Info.plist */,
				03E26E081D0A556100B67EC7 /* Supporting Files */,
			);
			path = AlertExample;
			sourceTree = "<group>";
		};
		03E26E081D0A556100B67EC7 /* Supporting Files */ = {
			isa = PBXGroup;
			children = (
				03E26E091D0A556100B67EC7 /* main.m */,
			);
			name = "Supporting Files";
			sourceTree = "<group>";
		};
		03E26E211D0A556100B67EC7 /* AlertExampleTests */ = {
			isa = PBXGroup;
			children = (
				03E26E221D0A556200B67EC7 /* AlertExampleTests.m */,
				03E26E241D0A556200B67EC7 /* Info.plist */,
			);
			path = AlertExampleTests;
			sourceTree = "<group>";
		};
		03E26E2C1D0A556200B67EC7 /* AlertExampleUITests */ = {
			isa = PBXGroup;
			children = (
				03E26E2D1D0A556200B67EC7 /* AlertExampleUITests.m */,
				03E26E2F1D0A556200B67EC7 /* Info.plist */,
			);
			path = AlertExampleUITests;
			sourceTree = "<group>";
		};
/* End PBXGroup section */

/* Begin PBXNativeTarget section */
		03E26E041D0A556100B67EC7 /* AlertExample */ = {
			isa = PBXNativeTarget;
			buildConfigurationList = 03E26E321D0A556200B67EC7 /* Build configuration list for PBXNativeTarget "AlertExample" */;
			buildPhases = (
				03E26E011D0A556100B67EC7 /* Sources */,
				03E26E021D0A556100B67EC7 /* Frameworks */,
				03E26E031D0A556100B67EC7 /* Resources */,
			);
			buildRules = (
			);
			dependencies = (
			);
			name = AlertExample;
			productName = AlertExample;
			productReference = 03E26E051D0A556100B67EC7 /* AlertExample.app */;
			productType = "com.apple.product-type.application";
		};
		03E26E1D1D0A556100B67EC7 /* AlertExampleTests */ = {
			isa = PBXNativeTarget;
			buildConfigurationList = 03E26E351D0A556200B67EC7 /* Build configuration list for PBXNativeTarget "AlertExampleTests" */;
			buildPhases = (
				03E26E1A1D0A556100B67EC7 /* Sources */,
				03E26E1B1D0A556100B67EC7 /* Frameworks */,
				03E26E1C1D0A556100B67EC7 /* Resources */,
			);
			buildRules = (
			);
			dependencies = (
				03E26E201D0A556100B67EC7 /* PBXTargetDependency */,
			);
			name = AlertExampleTests;
			productName = AlertExampleTests;
			productReference = 03E26E1E1D0A556100B67EC7 /* AlertExampleTests.xctest */;
			productType = "com.apple.product-type.bundle.unit-test";
		};
		03E26E281D0A556200B67EC7 /* AlertExampleUITests */ = {
			isa = PBXNativeTarget;
			buildConfigurationList = 03E26E381D0A556200B67EC7 /* Build configuration list for PBXNativeTarget "AlertExampleUITests" */;
			buildPhases = (
				03E26E251D0A556200B67EC7 /* Sources */,
				03E26E261D0A556200B67EC7 /* Frameworks */,
				03E26E271D0A556200B67EC7 /* Resources */,
			);
			buildRules = (
			);
			dependencies = (
				03E26E2B1D0A556200B67EC7 /* PBXTargetDependency */,
			);
			name = AlertExampleUITests;
			productName = AlertExampleUITests;
			productReference = 03E26E291D0A556200B67EC7 /* AlertExampleUITests.xctest */;
			productType = "com.apple.product-type.bundle.ui-testing";
		};
/* End PBXNativeTarget section */

/* Begin PBXProject section */
		03E26DFD1D0A556100B67EC7 /* Project object */ = {
			isa = PBXProject;
			attributes = {
				LastUpgradeCheck = 0730;
				ORGANIZATIONNAME = baecheese;
				TargetAttributes = {
					03E26E041D0A556100B67EC7 = {
						CreatedOnToolsVersion = 7.3.1;
						DevelopmentTeam = 3Z5E8777P2;
					};
					03E26E1D1D0A556100B67EC7 = {
						CreatedOnToolsVersion = 7.3.1;
						TestTargetID = 03E26E041D0A556100B67EC7;
					};
					03E26E281D0A556200B67EC7 = {
						CreatedOnToolsVersion = 7.3.1;
						TestTargetID = 03E26E041D0A556100B67EC7;
					};
				};
			};
			buildConfigurationList = 03E26E001D0A556100B67EC7 /* Build configuration list for PBXProject "AlertExample" */;
			compatibilityVersion = "Xcode 3.2";
			developmentRegion = English;
			hasScannedForEncodings = 0;
			knownRegions = (
				en,
				Base,
			);
			mainGroup = 03E26DFC1D0A556100B67EC7;
			productRefGroup = 03E26E061D0A556100B67EC7 /* Products */;
			projectDirPath = "";
			projectRoot = "";
			targets = (
				03E26E041D0A556100B67EC7 /* AlertExample */,
				03E26E1D1D0A556100B67EC7 /* AlertExampleTests */,
				03E26E281D0A556200B67EC7 /* AlertExampleUITests */,
			);
		};
/* End PBXProject section */

/* Begin PBXResourcesBuildPhase section */
		03E26E031D0A556100B67EC7 /* Resources */ = {
			isa = PBXResourcesBuildPhase;
			buildActionMask = 2147483647;
			files = (
				03E26E181D0A556100B67EC7 /* LaunchScreen.storyboard in Resources */,
				03E26E151D0A556100B67EC7 /* Assets.xcassets in Resources */,
				03E26E131D0A556100B67EC7 /* Main.storyboard in Resources */,
			);
			runOnlyForDeploymentPostprocessing = 0;
		};
		03E26E1C1D0A556100B67EC7 /* Resources */ = {
			isa = PBXResourcesBuildPhase;
			buildActionMask = 2147483647;
			files = (
			);
			runOnlyForDeploymentPostprocessing = 0;
		};
		03E26E271D0A556200B67EC7 /* Resources */ = {
			isa = PBXResourcesBuildPhase;
			buildActionMask = 2147483647;
			files = (
			);
			runOnlyForDeploymentPostprocessing = 0;
		};
/* End PBXResourcesBuildPhase section */

/* Begin PBXSourcesBuildPhase section */
		03E26E011D0A556100B67EC7 /* Sources */ = {
			isa = PBXSourcesBuildPhase;
			buildActionMask = 2147483647;
			files = (
				03E26E101D0A556100B67EC7 /* ViewController.m in Sources */,
				03E26E0D1D0A556100B67EC7 /* AppDelegate.m in Sources */,
				03E26E0A1D0A556100B67EC7 /* main.m in Sources */,
			);
			runOnlyForDeploymentPostprocessing = 0;
		};
		03E26E1A1D0A556100B67EC7 /* Sources */ = {
			isa = PBXSourcesBuildPhase;
			buildActionMask = 2147483647;
			files = (
				03E26E231D0A556200B67EC7 /* AlertExampleTests.m in Sources */,
			);
			runOnlyForDeploymentPostprocessing = 0;
		};
		03E26E251D0A556200B67EC7 /* Sources */ = {
			isa = PBXSourcesBuildPhase;
			buildActionMask = 2147483647;
			files = (
				03E26E2E1D0A556200B67EC7 /* AlertExampleUITests.m in Sources */,
			);
			runOnlyForDeploymentPostprocessing = 0;
		};
/* End PBXSourcesBuildPhase section */

/* Begin PBXTargetDependency section */
		03E26E201D0A556100B67EC7 /* PBXTargetDependency */ = {
			isa = PBXTargetDependency;
			target = 03E26E041D0A556100B67EC7 /* AlertExample */;
			targetProxy = 03E26E1F1D0A556100B67EC7 /* PBXContainerItemProxy */;
		};
		03E26E2B1D0A556200B67EC7 /* PBXTargetDependency */ = {
			isa = PBXTargetDependency;
			target = 03E26E041D0A556100B67EC7 /* AlertExample */;
			targetProxy = 03E26E2A1D0A556200B67EC7 /* PBXContainerItemProxy */;
		};
/* End PBXTargetDependency section */

/* Begin PBXVariantGroup section */
		03E26E111D0A556100B67EC7 /* Main.storyboard */ = {
			isa = PBXVariantGroup;
			children = (
				03E26E121D0A556100B67EC7 /* Base */,
			);
			name = Main.storyboard;
			sourceTree = "<group>";
		};
		03E26E161D0A556100B67EC7 /* LaunchScreen.storyboard */ = {
			isa = PBXVariantGroup;
			children = (
				03E26E171D0A556100B67EC7 /* Base */,
			);
			name = LaunchScreen.storyboard;
			sourceTree = "<group>";
		};
/* End PBXVariantGroup section */

/* Begin XCBuildConfiguration section */
		03E26E301D0A556200B67EC7 /* Debug */ = {
			isa = XCBuildConfiguration;
			buildSettings = {
				ALWAYS_SEARCH_USER_PATHS = NO;
				CLANG_ANALYZER_NONNULL = YES;
				CLANG_CXX_LANGUAGE_STANDARD = "gnu++0x";
				CLANG_CXX_LIBRARY = "libc++";
				CLANG_ENABLE_MODULES = YES;
				CLANG_ENABLE_OBJC_ARC = YES;
				CLANG_WARN_BOOL_CONVERSION = YES;
				CLANG_WARN_CONSTANT_CONVERSION = YES;
				CLANG_WARN_DIRECT_OBJC_ISA_USAGE = YES_ERROR;
				CLANG_WARN_EMPTY_BODY = YES;
				CLANG_WARN_ENUM_CONVERSION = YES;
				CLANG_WARN_INT_CONVERSION = YES;
				CLANG_WARN_OBJC_ROOT_CLASS = YES_ERROR;
				CLANG_WARN_UNREACHABLE_CODE = YES;
				CLANG_WARN__DUPLICATE_METHOD_MATCH = YES;
				"CODE_SIGN_IDENTITY[sdk=iphoneos*]" = "iPhone Developer";
				COPY_PHASE_STRIP = NO;
				DEBUG_INFORMATION_FORMAT = dwarf;
				ENABLE_STRICT_OBJC_MSGSEND = YES;
				ENABLE_TESTABILITY = YES;
				GCC_C_LANGUAGE_STANDARD = gnu99;
				GCC_DYNAMIC_NO_PIC = NO;
				GCC_NO_COMMON_BLOCKS = YES;
				GCC_OPTIMIZATION_LEVEL = 0;
				GCC_PREPROCESSOR_DEFINITIONS = (
					"DEBUG=1",
					"$(inherited)",
				);
				GCC_WARN_64_TO_32_BIT_CONVERSION = YES;
				GCC_WARN_ABOUT_RETURN_TYPE = YES_ERROR;
				GCC_WARN_UNDECLARED_SELECTOR = YES;
				GCC_WARN_UNINITIALIZED_AUTOS = YES_AGGRESSIVE;
				GCC_WARN_UNUSED_FUNCTION = YES;
				GCC_WARN_UNUSED_VARIABLE = YES;
				IPHONEOS_DEPLOYMENT_TARGET = 9.3;
				MTL_ENABLE_DEBUG_INFO = YES;
				ONLY_ACTIVE_ARCH = YES;
				SDKROOT = iphoneos;
			};
			name = Debug;
		};
		03E26E311D0A556200B67EC7 /* Release */ = {
			isa = XCBuildConfiguration;
			buildSettings = {
				ALWAYS_SEARCH_USER_PATHS = NO;
				CLANG_ANALYZER_NONNULL = YES;
				CLANG_CXX_LANGUAGE_STANDARD = "gnu++0x";
				CLANG_CXX_LIBRARY = "libc++";
				CLANG_ENABLE_MODULES = YES;
				CLANG_ENABLE_OBJC_ARC = YES;
				CLANG_WARN_BOOL_CONVERSION = YES;
				CLANG_WARN_CONSTANT_CONVERSION = YES;
				CLANG_WARN_DIRECT_OBJC_ISA_USAGE = YES_ERROR;
				CLANG_WARN_EMPTY_BODY = YES;
				CLANG_WARN_ENUM_CONVERSION = YES;
				CLANG_WARN_INT_CONVERSION = YES;
				CLANG_WARN_OBJC_ROOT_CLASS = YES_ERROR;
				CLANG_WARN_UNREACHABLE_CODE = YES;
				CLANG_WARN__DUPLICATE_METHOD_MATCH = YES;
				"CODE_SIGN_IDENTITY[sdk=iphoneos*]" = "iPhone Developer";
				COPY_PHASE_STRIP = NO;
				DEBUG_INFORMATION_FORMAT = "dwarf-with-dsym";
				ENABLE_NS_ASSERTIONS = NO;
				ENABLE_STRICT_OBJC_MSGSEND = YES;
				GCC_C_LANGUAGE_STANDARD = gnu99;
				GCC_NO_COMMON_BLOCKS = YES;
				GCC_WARN_64_TO_32_BIT_CONVERSION = YES;
				GCC_WARN_ABOUT_RETURN_TYPE = YES_ERROR;
				GCC_WARN_UNDECLARED_SELECTOR = YES;
				GCC_WARN_UNINITIALIZED_AUTOS = YES_AGGRESSIVE;
				GCC_WARN_UNUSED_FUNCTION = YES;
				GCC_WARN_UNUSED_VARIABLE = YES;
				IPHONEOS_DEPLOYMENT_TARGET = 9.3;
				MTL_ENABLE_DEBUG_INFO = NO;
				SDKROOT = iphoneos;
				VALIDATE_PRODUCT = YES;
			};
			name = Release;
		};
		03E26E331D0A556200B67EC7 /* Debug */ = {
			isa = XCBuildConfiguration;
			buildSettings = {
				ASSETCATALOG_COMPILER_APPICON_NAME = AppIcon;
				CODE_SIGN_IDENTITY = "iPhone Developer";
				"CODE_SIGN_IDENTITY[sdk=iphoneos*]" = "iPhone Developer";
				INFOPLIST_FILE = AlertExample/Info.plist;
				LD_RUNPATH_SEARCH_PATHS = "$(inherited) @executable_path/Frameworks";
				PRODUCT_BUNDLE_IDENTIFIER = com.baecheese.AlertExample;
				PRODUCT_NAME = "$(TARGET_NAME)";
				PROVISIONING_PROFILE = "";
			};
			name = Debug;
		};
		03E26E341D0A556200B67EC7 /* Release */ = {
			isa = XCBuildConfiguration;
			buildSettings = {
				ASSETCATALOG_COMPILER_APPICON_NAME = AppIcon;
				CODE_SIGN_IDENTITY = "iPhone Developer";
				"CODE_SIGN_IDENTITY[sdk=iphoneos*]" = "iPhone Developer";
				INFOPLIST_FILE = AlertExample/Info.plist;
				LD_RUNPATH_SEARCH_PATHS = "$(inherited) @executable_path/Frameworks";
				PRODUCT_BUNDLE_IDENTIFIER = com.baecheese.AlertExample;
				PRODUCT_NAME = "$(TARGET_NAME)";
				PROVISIONING_PROFILE = "";
			};
			name = Release;
		};
		03E26E361D0A556200B67EC7 /* Debug */ = {
			isa = XCBuildConfiguration;
			buildSettings = {
				BUNDLE_LOADER = "$(TEST_HOST)";
				INFOPLIST_FILE = AlertExampleTests/Info.plist;
				LD_RUNPATH_SEARCH_PATHS = "$(inherited) @executable_path/Frameworks @loader_path/Frameworks";
				PRODUCT_BUNDLE_IDENTIFIER = com.baecheese.AlertExampleTests;
				PRODUCT_NAME = "$(TARGET_NAME)";
				TEST_HOST = "$(BUILT_PRODUCTS_DIR)/AlertExample.app/AlertExample";
			};
			name = Debug;
		};
		03E26E371D0A556200B67EC7 /* Release */ = {
			isa = XCBuildConfiguration;
			buildSettings = {
				BUNDLE_LOADER = "$(TEST_HOST)";
				INFOPLIST_FILE = AlertExampleTests/Info.plist;
				LD_RUNPATH_SEARCH_PATHS = "$(inherited) @executable_path/Frameworks @loader_path/Frameworks";
				PRODUCT_BUNDLE_IDENTIFIER = com.baecheese.AlertExampleTests;
				PRODUCT_NAME = "$(TARGET_NAME)";
				TEST_HOST = "$(BUILT_PRODUCTS_DIR)/AlertExample.app/AlertExample";
			};
			name = Release;
		};
		03E26E391D0A556200B67EC7 /* Debug */ = {
			isa = XCBuildConfiguration;
			buildSettings = {
				INFOPLIST_FILE = AlertExampleUITests/Info.plist;
				LD_RUNPATH_SEARCH_PATHS = "$(inherited) @executable_path/Frameworks @loader_path/Frameworks";
				PRODUCT_BUNDLE_IDENTIFIER = com.baecheese.AlertExampleUITests;
				PRODUCT_NAME = "$(TARGET_NAME)";
				TEST_TARGET_NAME = AlertExample;
			};
			name = Debug;
		};
		03E26E3A1D0A556200B67EC7 /* Release */ = {
			isa = XCBuildConfiguration;
			buildSettings = {
				INFOPLIST_FILE = AlertExampleUITests/Info.plist;
				LD_RUNPATH_SEARCH_PATHS = "$(inherited) @executable_path/Frameworks @loader_path/Frameworks";
				PRODUCT_BUNDLE_IDENTIFIER = com.baecheese.AlertExampleUITests;
				PRODUCT_NAME = "$(TARGET_NAME)";
				TEST_TARGET_NAME = AlertExample;
			};
			name = Release;
		};
/* End XCBuildConfiguration section */

/* Begin XCConfigurationList section */
		03E26E001D0A556100B67EC7 /* Build configuration list for PBXProject "AlertExample" */ = {
			isa = XCConfigurationList;
			buildConfigurations = (
				03E26E301D0A556200B67EC7 /* Debug */,
				03E26E311D0A556200B67EC7 /* Release */,
			);
			defaultConfigurationIsVisible = 0;
			defaultConfigurationName = Release;
		};
		03E26E321D0A556200B67EC7 /* Build configuration list for PBXNativeTarget "AlertExample" */ = {
			isa = XCConfigurationList;
			buildConfigurations = (
				03E26E331D0A556200B67EC7 /* Debug */,
				03E26E341D0A556200B67EC7 /* Release */,
			);
			defaultConfigurationIsVisible = 0;
		};
		03E26E351D0A556200B67EC7 /* Build configuration list for PBXNativeTarget "AlertExampleTests" */ = {
			isa = XCConfigurationList;
			buildConfigurations = (
				03E26E361D0A556200B67EC7 /* Debug */,
				03E26E371D0A556200B67EC7 /* Release */,
			);
			defaultConfigurationIsVisible = 0;
		};
		03E26E381D0A556200B67EC7 /* Build configuration list for PBXNativeTarget "AlertExampleUITests" */ = {
			isa = XCConfigurationList;
			buildConfigurations = (
				03E26E391D0A556200B67EC7 /* Debug */,
				03E26E3A1D0A556200B67EC7 /* Release */,
			);
			defaultConfigurationIsVisible = 0;
		};
/* End XCConfigurationList section */
	};
	rootObject = 03E26DFD1D0A556100B67EC7 /* Project object */;
}
